// !$*UTF8*$!
{
	archiveVersion = 1;
	classes = {
	};
	objectVersion = 51;
	objects = {

/* Begin PBXBuildFile section */
		59D5A7FE862536285BFE1FEC /* Pods_BCSSTests.framework in Frameworks */ = {isa = PBXBuildFile; fileRef = 6551047A11946B939E4A97E1 /* Pods_BCSSTests.framework */; };
		B6DE96680B5C53A844C74E02 /* Pods_BCSS.framework in Frameworks */ = {isa = PBXBuildFile; fileRef = C72054C55781973C1E939C73 /* Pods_BCSS.framework */; };
		CCFDBFF0F21A2789F16C602F /* Pods_BCSSUITests.framework in Frameworks */ = {isa = PBXBuildFile; fileRef = 919DF9EEC71C767577F26B23 /* Pods_BCSSUITests.framework */; };
		DD62BE7C2176444800D730CA /* MyServiceHoursTableViewController.swift in Sources */ = {isa = PBXBuildFile; fileRef = DD62BE7B2176444800D730CA /* MyServiceHoursTableViewController.swift */; };
		DD62BE7E217644FC00D730CA /* WorkHours.swift in Sources */ = {isa = PBXBuildFile; fileRef = DD62BE7D217644FC00D730CA /* WorkHours.swift */; };
		DD62BE802177A26A00D730CA /* ServiceHoursInfoTableViewController.swift in Sources */ = {isa = PBXBuildFile; fileRef = DD62BE7F2177A26A00D730CA /* ServiceHoursInfoTableViewController.swift */; };
		DD62BE822177A27D00D730CA /* AddServiceHoursTableViewController.swift in Sources */ = {isa = PBXBuildFile; fileRef = DD62BE812177A27D00D730CA /* AddServiceHoursTableViewController.swift */; };
		DD62BE85217C08EC00D730CA /* Calendar.storyboard in Resources */ = {isa = PBXBuildFile; fileRef = DD62BE84217C08EC00D730CA /* Calendar.storyboard */; };
		DD62BE87217C1F7700D730CA /* CalendarCell.swift in Sources */ = {isa = PBXBuildFile; fileRef = DD62BE86217C1F7700D730CA /* CalendarCell.swift */; };
		DD62BE89217C274700D730CA /* CalendarViewController.swift in Sources */ = {isa = PBXBuildFile; fileRef = DD62BE88217C274700D730CA /* CalendarViewController.swift */; };
		DD66FC9B22D7B01F00BBC45B /* Event.swift in Sources */ = {isa = PBXBuildFile; fileRef = DD66FC9A22D7B01F00BBC45B /* Event.swift */; };
		DD66FCA222D7B83D00BBC45B /* MyFeed.storyboard in Resources */ = {isa = PBXBuildFile; fileRef = DD66FCA122D7B83D00BBC45B /* MyFeed.storyboard */; };
		DD66FCA422D7BC8900BBC45B /* onboardScreen.storyboard in Resources */ = {isa = PBXBuildFile; fileRef = DD66FCA322D7BC8900BBC45B /* onboardScreen.storyboard */; };
		DD8B96D3216B112E00B4CBC4 /* MyClubInfoTableViewController.swift in Sources */ = {isa = PBXBuildFile; fileRef = DD8B96D2216B112E00B4CBC4 /* MyClubInfoTableViewController.swift */; };
		DD8B96D5216BE2E600B4CBC4 /* MyTeamTableViewController.swift in Sources */ = {isa = PBXBuildFile; fileRef = DD8B96D4216BE2E600B4CBC4 /* MyTeamTableViewController.swift */; };
		DD8B96D7216BE35A00B4CBC4 /* MyTeamInfoTableViewController.swift in Sources */ = {isa = PBXBuildFile; fileRef = DD8B96D6216BE35A00B4CBC4 /* MyTeamInfoTableViewController.swift */; };
		DD9F5F3B23C6941500140859 /* Work+CoreDataProperties.swift in Sources */ = {isa = PBXBuildFile; fileRef = DD9F5F2E23C6941400140859 /* Work+CoreDataProperties.swift */; };
		DD9F5F3C23C6941500140859 /* Team+CoreDataClass.swift in Sources */ = {isa = PBXBuildFile; fileRef = DD9F5F2F23C6941400140859 /* Team+CoreDataClass.swift */; };
		DD9F5F3D23C6941500140859 /* Team+CoreDataProperties.swift in Sources */ = {isa = PBXBuildFile; fileRef = DD9F5F3023C6941400140859 /* Team+CoreDataProperties.swift */; };
		DD9F5F3E23C6941500140859 /* Schedule+CoreDataProperties.swift in Sources */ = {isa = PBXBuildFile; fileRef = DD9F5F3123C6941500140859 /* Schedule+CoreDataProperties.swift */; };
		DD9F5F3F23C6941500140859 /* Assignment+CoreDataProperties.swift in Sources */ = {isa = PBXBuildFile; fileRef = DD9F5F3223C6941500140859 /* Assignment+CoreDataProperties.swift */; };
		DD9F5F4023C6941500140859 /* CoreClub+CoreDataClass.swift in Sources */ = {isa = PBXBuildFile; fileRef = DD9F5F3323C6941500140859 /* CoreClub+CoreDataClass.swift */; };
		DD9F5F4123C6941500140859 /* Blocks+CoreDataClass.swift in Sources */ = {isa = PBXBuildFile; fileRef = DD9F5F3423C6941500140859 /* Blocks+CoreDataClass.swift */; };
		DD9F5F4223C6941500140859 /* Assignment+CoreDataClass.swift in Sources */ = {isa = PBXBuildFile; fileRef = DD9F5F3523C6941500140859 /* Assignment+CoreDataClass.swift */; };
		DD9F5F4323C6941500140859 /* Schedule+CoreDataClass.swift in Sources */ = {isa = PBXBuildFile; fileRef = DD9F5F3623C6941500140859 /* Schedule+CoreDataClass.swift */; };
		DD9F5F4423C6941500140859 /* PersistenceManager.swift in Sources */ = {isa = PBXBuildFile; fileRef = DD9F5F3723C6941500140859 /* PersistenceManager.swift */; };
		DD9F5F4523C6941500140859 /* Blocks+CoreDataProperties.swift in Sources */ = {isa = PBXBuildFile; fileRef = DD9F5F3823C6941500140859 /* Blocks+CoreDataProperties.swift */; };
		DD9F5F4623C6941500140859 /* CoreClub+CoreDataProperties.swift in Sources */ = {isa = PBXBuildFile; fileRef = DD9F5F3923C6941500140859 /* CoreClub+CoreDataProperties.swift */; };
		DD9F5F4723C6941500140859 /* Work+CoreDataClass.swift in Sources */ = {isa = PBXBuildFile; fileRef = DD9F5F3A23C6941500140859 /* Work+CoreDataClass.swift */; };
		DD9F5F4E23CA5DD100140859 /* EventModelController.swift in Sources */ = {isa = PBXBuildFile; fileRef = DD9F5F4D23CA5DD100140859 /* EventModelController.swift */; };
		DD9F5F5123CA799900140859 /* NotificationController.swift in Sources */ = {isa = PBXBuildFile; fileRef = DD9F5F5023CA799900140859 /* NotificationController.swift */; };
		DD9F5F5323CA845700140859 /* ScheduleModelController.swift in Sources */ = {isa = PBXBuildFile; fileRef = DD9F5F5223CA845700140859 /* ScheduleModelController.swift */; };
		DD9F5F5523CA859D00140859 /* ClubModelController.swift in Sources */ = {isa = PBXBuildFile; fileRef = DD9F5F5423CA859D00140859 /* ClubModelController.swift */; };
		DD9F5F5723CA88A500140859 /* SportModelController.swift in Sources */ = {isa = PBXBuildFile; fileRef = DD9F5F5623CA88A500140859 /* SportModelController.swift */; };
		DD9F5F5923CA8B4D00140859 /* TeacherModelController.swift in Sources */ = {isa = PBXBuildFile; fileRef = DD9F5F5823CA8B4D00140859 /* TeacherModelController.swift */; };
		DD9F5F5B23CABC2800140859 /* AssignmentModelController.swift in Sources */ = {isa = PBXBuildFile; fileRef = DD9F5F5A23CABC2800140859 /* AssignmentModelController.swift */; };
		DD9F5F5D23CACC5D00140859 /* DateController.swift in Sources */ = {isa = PBXBuildFile; fileRef = DD9F5F5C23CACC5D00140859 /* DateController.swift */; };
		DD9F5F6023CAFF3F00140859 /* WorkModelController.swift in Sources */ = {isa = PBXBuildFile; fileRef = DD9F5F5F23CAFF3F00140859 /* WorkModelController.swift */; };
		DD9F5F6823CBB18300140859 /* AssignmentTableViewCell.swift in Sources */ = {isa = PBXBuildFile; fileRef = DD9F5F6723CBB18300140859 /* AssignmentTableViewCell.swift */; };
		DDA00D1821460C1300FD9B6F /* InfoAssignmentTableViewController.swift in Sources */ = {isa = PBXBuildFile; fileRef = DDA00D1721460C1300FD9B6F /* InfoAssignmentTableViewController.swift */; };
		DDA244462128B702003D63CD /* ClubTableViewController.swift in Sources */ = {isa = PBXBuildFile; fileRef = DDA244452128B702003D63CD /* ClubTableViewController.swift */; };
		DDA244482128BCDE003D63CD /* Clubs.swift in Sources */ = {isa = PBXBuildFile; fileRef = DDA244472128BCDE003D63CD /* Clubs.swift */; };
		DDA2444A212921B2003D63CD /* InfoClubTableViewController.swift in Sources */ = {isa = PBXBuildFile; fileRef = DDA24449212921B2003D63CD /* InfoClubTableViewController.swift */; };
		DDA2444E212A9959003D63CD /* SportsTableViewController.swift in Sources */ = {isa = PBXBuildFile; fileRef = DDA2444D212A9959003D63CD /* SportsTableViewController.swift */; };
		DDA24450212BD2EA003D63CD /* InfoSportsTableViewController.swift in Sources */ = {isa = PBXBuildFile; fileRef = DDA2444F212BD2EA003D63CD /* InfoSportsTableViewController.swift */; };
		DDA24452212D2F8A003D63CD /* Teacher.swift in Sources */ = {isa = PBXBuildFile; fileRef = DDA24451212D2F8A003D63CD /* Teacher.swift */; };
		DDA24454212E6BF6003D63CD /* DepartmentTableViewController.swift in Sources */ = {isa = PBXBuildFile; fileRef = DDA24453212E6BF6003D63CD /* DepartmentTableViewController.swift */; };
		DDA24456212E7FFA003D63CD /* TeacherContactTableViewController.swift in Sources */ = {isa = PBXBuildFile; fileRef = DDA24455212E7FFA003D63CD /* TeacherContactTableViewController.swift */; };
		DDA2445A212FEB92003D63CD /* CourseTableViewController.swift in Sources */ = {isa = PBXBuildFile; fileRef = DDA24459212FEB92003D63CD /* CourseTableViewController.swift */; };
		DDA2445C21307F0E003D63CD /* GradeCourses.swift in Sources */ = {isa = PBXBuildFile; fileRef = DDA2445B21307F0E003D63CD /* GradeCourses.swift */; };
		DDA2445E2131E710003D63CD /* MenuViewController.swift in Sources */ = {isa = PBXBuildFile; fileRef = DDA2445D2131E710003D63CD /* MenuViewController.swift */; };
		DDA244602131EF30003D63CD /* BulletinViewController.swift in Sources */ = {isa = PBXBuildFile; fileRef = DDA2445F2131EF30003D63CD /* BulletinViewController.swift */; };
		DDA2446821366637003D63CD /* Classes.swift in Sources */ = {isa = PBXBuildFile; fileRef = DDA2446721366637003D63CD /* Classes.swift */; };
		DDA6C3162143A3D900F421A0 /* AddAssignmentTableViewController.swift in Sources */ = {isa = PBXBuildFile; fileRef = DDA6C3152143A3D900F421A0 /* AddAssignmentTableViewController.swift */; };
		DDA9AA9321B663230044E256 /* Main.storyboard in Resources */ = {isa = PBXBuildFile; fileRef = DDE2ED052121584C003C7E40 /* Main.storyboard */; };
		DDA9AA9821B7C7D20044E256 /* Notifications.swift in Sources */ = {isa = PBXBuildFile; fileRef = DDA9AA9721B7C7D20044E256 /* Notifications.swift */; };
		DDA9AA9A21BC83D60044E256 /* BlockTableViewCell.swift in Sources */ = {isa = PBXBuildFile; fileRef = DDA9AA9921BC83D50044E256 /* BlockTableViewCell.swift */; };
		DDA9AA9E21BC9FA40044E256 /* BlockTableViewController.swift in Sources */ = {isa = PBXBuildFile; fileRef = DDA9AA9D21BC9FA40044E256 /* BlockTableViewController.swift */; };
		DDA9AAA621BCFEA00044E256 /* BlockInfoTableViewController.swift in Sources */ = {isa = PBXBuildFile; fileRef = DDA9AAA521BCFE9F0044E256 /* BlockInfoTableViewController.swift */; };
		DDC0B4C7213F9FB50098C8B3 /* AssignmentTableViewController.swift in Sources */ = {isa = PBXBuildFile; fileRef = DDC0B4C6213F9FB50098C8B3 /* AssignmentTableViewController.swift */; };
		DDC2AF432196ACC0008D100A /* MyFeedViewController.swift in Sources */ = {isa = PBXBuildFile; fileRef = DDC2AF422196ACC0008D100A /* MyFeedViewController.swift */; };
		DDC2AF452197AA3F008D100A /* AssignmentModuleViewController.swift in Sources */ = {isa = PBXBuildFile; fileRef = DDC2AF442197AA3E008D100A /* AssignmentModuleViewController.swift */; };
		DDC2AF472197AD3E008D100A /* ClubModuleViewController.swift in Sources */ = {isa = PBXBuildFile; fileRef = DDC2AF462197AD3E008D100A /* ClubModuleViewController.swift */; };
		DDC2AF492197AD54008D100A /* ScheduleModuleViewController.swift in Sources */ = {isa = PBXBuildFile; fileRef = DDC2AF482197AD54008D100A /* ScheduleModuleViewController.swift */; };
		DDC2AF4B2197ADE4008D100A /* EventsModuleViewController.swift in Sources */ = {isa = PBXBuildFile; fileRef = DDC2AF4A2197ADE4008D100A /* EventsModuleViewController.swift */; };
		DDC2AF6B21A00EFD008D100A /* AssignmentModuleTableViewCell.swift in Sources */ = {isa = PBXBuildFile; fileRef = DDC2AF6A21A00EFD008D100A /* AssignmentModuleTableViewCell.swift */; };
		DDC3DB0822D704C00009B608 /* MobileCoreServices.framework in Frameworks */ = {isa = PBXBuildFile; fileRef = DDC3DB0722D704C00009B608 /* MobileCoreServices.framework */; };
		DDC3DB0A22D704C90009B608 /* Security.framework in Frameworks */ = {isa = PBXBuildFile; fileRef = DDC3DB0922D704C90009B608 /* Security.framework */; };
		DDC3DB0C22D704D00009B608 /* CFNetwork.framework in Frameworks */ = {isa = PBXBuildFile; fileRef = DDC3DB0B22D704D00009B608 /* CFNetwork.framework */; };
		DDC3DB0E22D704DC0009B608 /* SystemConfiguration.framework in Frameworks */ = {isa = PBXBuildFile; fileRef = DDC3DB0D22D704DC0009B608 /* SystemConfiguration.framework */; };
		DDC3DB1022D704E40009B608 /* CoreData.framework in Frameworks */ = {isa = PBXBuildFile; fileRef = DDC3DB0F22D704E40009B608 /* CoreData.framework */; };
		DDC3DB1222D704EB0009B608 /* UIKit.framework in Frameworks */ = {isa = PBXBuildFile; fileRef = DDC3DB1122D704EB0009B608 /* UIKit.framework */; };
		DDC3DB1422D704F90009B608 /* Foundation.framework in Frameworks */ = {isa = PBXBuildFile; fileRef = DDC3DB1322D704F90009B608 /* Foundation.framework */; };
		DDC3DB1622D705030009B608 /* CoreGraphics.framework in Frameworks */ = {isa = PBXBuildFile; fileRef = DDC3DB1522D705030009B608 /* CoreGraphics.framework */; };
		DDD430B9221F410100E91424 /* GoogleService-Info.plist in Resources */ = {isa = PBXBuildFile; fileRef = DDD430B8221F410100E91424 /* GoogleService-Info.plist */; };
		DDD430BA221F410100E91424 /* GoogleService-Info.plist in Resources */ = {isa = PBXBuildFile; fileRef = DDD430B8221F410100E91424 /* GoogleService-Info.plist */; };
		DDD430BB221F410100E91424 /* GoogleService-Info.plist in Resources */ = {isa = PBXBuildFile; fileRef = DDD430B8221F410100E91424 /* GoogleService-Info.plist */; };
		DDD7569C23CBBA8A00750F8D /* StudentHubNavigationViewController.swift in Sources */ = {isa = PBXBuildFile; fileRef = DDD7569B23CBBA8A00750F8D /* StudentHubNavigationViewController.swift */; };
		DDDBA1C92360E4C100EE9D01 /* FlexSignUpViewController.swift in Sources */ = {isa = PBXBuildFile; fileRef = DDDBA1C82360E4C100EE9D01 /* FlexSignUpViewController.swift */; };
		DDE2ED022121584B003C7E40 /* AppDelegate.swift in Sources */ = {isa = PBXBuildFile; fileRef = DDE2ED012121584B003C7E40 /* AppDelegate.swift */; };
		DDE2ED0A2121584C003C7E40 /* BCSS.xcdatamodeld in Sources */ = {isa = PBXBuildFile; fileRef = DDE2ED082121584C003C7E40 /* BCSS.xcdatamodeld */; };
		DDE2ED0C2121584E003C7E40 /* Assets.xcassets in Resources */ = {isa = PBXBuildFile; fileRef = DDE2ED0B2121584E003C7E40 /* Assets.xcassets */; };
		DDE2ED0F2121584E003C7E40 /* LaunchScreen.storyboard in Resources */ = {isa = PBXBuildFile; fileRef = DDE2ED0D2121584E003C7E40 /* LaunchScreen.storyboard */; };
		DDE2ED1A2121584E003C7E40 /* BCSSTests.swift in Sources */ = {isa = PBXBuildFile; fileRef = DDE2ED192121584E003C7E40 /* BCSSTests.swift */; };
		DDE2ED252121584E003C7E40 /* BCSSUITests.swift in Sources */ = {isa = PBXBuildFile; fileRef = DDE2ED242121584E003C7E40 /* BCSSUITests.swift */; };
		DDE9C3602335B1DF00FDD83A /* NetworkController.swift in Sources */ = {isa = PBXBuildFile; fileRef = DDE9C35F2335B1DF00FDD83A /* NetworkController.swift */; };
		DDEA109422C5EB7D0075093B /* OnboardingViewController.swift in Sources */ = {isa = PBXBuildFile; fileRef = DDEA109322C5EB7D0075093B /* OnboardingViewController.swift */; };
		DDEA5B1B231234CF000501C4 /* ClubUpdateController.swift in Sources */ = {isa = PBXBuildFile; fileRef = DDEA5B1A231234CF000501C4 /* ClubUpdateController.swift */; };
		DDF34111215B0D35007DA56A /* MyClubsTableViewController.swift in Sources */ = {isa = PBXBuildFile; fileRef = DDF34110215B0D35007DA56A /* MyClubsTableViewController.swift */; };
		DDF7262F2211F8B500C8D861 /* EventTableViewController.swift in Sources */ = {isa = PBXBuildFile; fileRef = DDF7262E2211F8B500C8D861 /* EventTableViewController.swift */; };
		DDF8416023CBBF09008F310C /* CentralUIViewController.swift in Sources */ = {isa = PBXBuildFile; fileRef = DDF8415B23CBBF09008F310C /* CentralUIViewController.swift */; };
		DDF8416123CBBF09008F310C /* ProfileTableViewController.swift in Sources */ = {isa = PBXBuildFile; fileRef = DDF8415C23CBBF09008F310C /* ProfileTableViewController.swift */; };
		DDF8416223CBBF09008F310C /* StudentHubTableViewController.swift in Sources */ = {isa = PBXBuildFile; fileRef = DDF8415D23CBBF09008F310C /* StudentHubTableViewController.swift */; };
		DDF8416323CBBF09008F310C /* SettingsTableViewController.swift in Sources */ = {isa = PBXBuildFile; fileRef = DDF8415E23CBBF09008F310C /* SettingsTableViewController.swift */; };
		DDF8416623CBCE4E008F310C /* Sports.swift in Sources */ = {isa = PBXBuildFile; fileRef = DDF8416523CBCE4E008F310C /* Sports.swift */; };
		DDF8416723CBD257008F310C /* Sports.swift in Sources */ = {isa = PBXBuildFile; fileRef = DDF8416523CBCE4E008F310C /* Sports.swift */; };
		DDF8416823CBD258008F310C /* Sports.swift in Sources */ = {isa = PBXBuildFile; fileRef = DDF8416523CBCE4E008F310C /* Sports.swift */; };
		DDF8416923CBD72D008F310C /* SportModelController.swift in Sources */ = {isa = PBXBuildFile; fileRef = DD9F5F5623CA88A500140859 /* SportModelController.swift */; };
		DDF8416A23CBD72D008F310C /* SportModelController.swift in Sources */ = {isa = PBXBuildFile; fileRef = DD9F5F5623CA88A500140859 /* SportModelController.swift */; };
/* End PBXBuildFile section */

/* Begin PBXContainerItemProxy section */
		DDE2ED162121584E003C7E40 /* PBXContainerItemProxy */ = {
			isa = PBXContainerItemProxy;
			containerPortal = DDE2ECF62121584B003C7E40 /* Project object */;
			proxyType = 1;
			remoteGlobalIDString = DDE2ECFD2121584B003C7E40;
			remoteInfo = BCSS;
		};
		DDE2ED212121584E003C7E40 /* PBXContainerItemProxy */ = {
			isa = PBXContainerItemProxy;
			containerPortal = DDE2ECF62121584B003C7E40 /* Project object */;
			proxyType = 1;
			remoteGlobalIDString = DDE2ECFD2121584B003C7E40;
			remoteInfo = BCSS;
		};
/* End PBXContainerItemProxy section */

/* Begin PBXFileReference section */
		19ED6267EF76AD3ACA45631E /* Pods-BCSSTests.release.xcconfig */ = {isa = PBXFileReference; includeInIndex = 1; lastKnownFileType = text.xcconfig; name = "Pods-BCSSTests.release.xcconfig"; path = "Target Support Files/Pods-BCSSTests/Pods-BCSSTests.release.xcconfig"; sourceTree = "<group>"; };
		58AA4F86930642C8ACC28928 /* Pods-BCSS.release.xcconfig */ = {isa = PBXFileReference; includeInIndex = 1; lastKnownFileType = text.xcconfig; name = "Pods-BCSS.release.xcconfig"; path = "Target Support Files/Pods-BCSS/Pods-BCSS.release.xcconfig"; sourceTree = "<group>"; };
		6551047A11946B939E4A97E1 /* Pods_BCSSTests.framework */ = {isa = PBXFileReference; explicitFileType = wrapper.framework; includeInIndex = 0; path = Pods_BCSSTests.framework; sourceTree = BUILT_PRODUCTS_DIR; };
		6E25FCA552396AE1D45FF2A4 /* Pods-BCSSTests.debug.xcconfig */ = {isa = PBXFileReference; includeInIndex = 1; lastKnownFileType = text.xcconfig; name = "Pods-BCSSTests.debug.xcconfig"; path = "Target Support Files/Pods-BCSSTests/Pods-BCSSTests.debug.xcconfig"; sourceTree = "<group>"; };
		77C1EF1C0C22F562F824C41F /* Pods-BCSSUITests.debug.xcconfig */ = {isa = PBXFileReference; includeInIndex = 1; lastKnownFileType = text.xcconfig; name = "Pods-BCSSUITests.debug.xcconfig"; path = "Target Support Files/Pods-BCSSUITests/Pods-BCSSUITests.debug.xcconfig"; sourceTree = "<group>"; };
		8A387D19D537C3EC0E57FD1A /* Pods-BCSS.debug.xcconfig */ = {isa = PBXFileReference; includeInIndex = 1; lastKnownFileType = text.xcconfig; name = "Pods-BCSS.debug.xcconfig"; path = "Target Support Files/Pods-BCSS/Pods-BCSS.debug.xcconfig"; sourceTree = "<group>"; };
		919DF9EEC71C767577F26B23 /* Pods_BCSSUITests.framework */ = {isa = PBXFileReference; explicitFileType = wrapper.framework; includeInIndex = 0; path = Pods_BCSSUITests.framework; sourceTree = BUILT_PRODUCTS_DIR; };
		C72054C55781973C1E939C73 /* Pods_BCSS.framework */ = {isa = PBXFileReference; explicitFileType = wrapper.framework; includeInIndex = 0; path = Pods_BCSS.framework; sourceTree = BUILT_PRODUCTS_DIR; };
		DD62BE7B2176444800D730CA /* MyServiceHoursTableViewController.swift */ = {isa = PBXFileReference; lastKnownFileType = sourcecode.swift; path = MyServiceHoursTableViewController.swift; sourceTree = "<group>"; };
		DD62BE7D217644FC00D730CA /* WorkHours.swift */ = {isa = PBXFileReference; lastKnownFileType = sourcecode.swift; path = WorkHours.swift; sourceTree = "<group>"; };
		DD62BE7F2177A26A00D730CA /* ServiceHoursInfoTableViewController.swift */ = {isa = PBXFileReference; lastKnownFileType = sourcecode.swift; path = ServiceHoursInfoTableViewController.swift; sourceTree = "<group>"; };
		DD62BE812177A27D00D730CA /* AddServiceHoursTableViewController.swift */ = {isa = PBXFileReference; lastKnownFileType = sourcecode.swift; path = AddServiceHoursTableViewController.swift; sourceTree = "<group>"; };
		DD62BE84217C08EC00D730CA /* Calendar.storyboard */ = {isa = PBXFileReference; lastKnownFileType = file.storyboard; path = Calendar.storyboard; sourceTree = "<group>"; };
		DD62BE86217C1F7700D730CA /* CalendarCell.swift */ = {isa = PBXFileReference; lastKnownFileType = sourcecode.swift; path = CalendarCell.swift; sourceTree = "<group>"; };
		DD62BE88217C274700D730CA /* CalendarViewController.swift */ = {isa = PBXFileReference; lastKnownFileType = sourcecode.swift; path = CalendarViewController.swift; sourceTree = "<group>"; };
		DD66FC9A22D7B01F00BBC45B /* Event.swift */ = {isa = PBXFileReference; lastKnownFileType = sourcecode.swift; path = Event.swift; sourceTree = "<group>"; };
		DD66FCA122D7B83D00BBC45B /* MyFeed.storyboard */ = {isa = PBXFileReference; lastKnownFileType = file.storyboard; path = MyFeed.storyboard; sourceTree = "<group>"; };
		DD66FCA322D7BC8900BBC45B /* onboardScreen.storyboard */ = {isa = PBXFileReference; lastKnownFileType = file.storyboard; path = onboardScreen.storyboard; sourceTree = "<group>"; };
		DD8B96D2216B112E00B4CBC4 /* MyClubInfoTableViewController.swift */ = {isa = PBXFileReference; lastKnownFileType = sourcecode.swift; path = MyClubInfoTableViewController.swift; sourceTree = "<group>"; };
		DD8B96D4216BE2E600B4CBC4 /* MyTeamTableViewController.swift */ = {isa = PBXFileReference; lastKnownFileType = sourcecode.swift; path = MyTeamTableViewController.swift; sourceTree = "<group>"; };
		DD8B96D6216BE35A00B4CBC4 /* MyTeamInfoTableViewController.swift */ = {isa = PBXFileReference; lastKnownFileType = sourcecode.swift; path = MyTeamInfoTableViewController.swift; sourceTree = "<group>"; };
		DD9F5F2E23C6941400140859 /* Work+CoreDataProperties.swift */ = {isa = PBXFileReference; fileEncoding = 4; lastKnownFileType = sourcecode.swift; path = "Work+CoreDataProperties.swift"; sourceTree = "<group>"; };
		DD9F5F2F23C6941400140859 /* Team+CoreDataClass.swift */ = {isa = PBXFileReference; fileEncoding = 4; lastKnownFileType = sourcecode.swift; path = "Team+CoreDataClass.swift"; sourceTree = "<group>"; };
		DD9F5F3023C6941400140859 /* Team+CoreDataProperties.swift */ = {isa = PBXFileReference; fileEncoding = 4; lastKnownFileType = sourcecode.swift; path = "Team+CoreDataProperties.swift"; sourceTree = "<group>"; };
		DD9F5F3123C6941500140859 /* Schedule+CoreDataProperties.swift */ = {isa = PBXFileReference; fileEncoding = 4; lastKnownFileType = sourcecode.swift; path = "Schedule+CoreDataProperties.swift"; sourceTree = "<group>"; };
		DD9F5F3223C6941500140859 /* Assignment+CoreDataProperties.swift */ = {isa = PBXFileReference; fileEncoding = 4; lastKnownFileType = sourcecode.swift; path = "Assignment+CoreDataProperties.swift"; sourceTree = "<group>"; };
		DD9F5F3323C6941500140859 /* CoreClub+CoreDataClass.swift */ = {isa = PBXFileReference; fileEncoding = 4; lastKnownFileType = sourcecode.swift; path = "CoreClub+CoreDataClass.swift"; sourceTree = "<group>"; };
		DD9F5F3423C6941500140859 /* Blocks+CoreDataClass.swift */ = {isa = PBXFileReference; fileEncoding = 4; lastKnownFileType = sourcecode.swift; path = "Blocks+CoreDataClass.swift"; sourceTree = "<group>"; };
		DD9F5F3523C6941500140859 /* Assignment+CoreDataClass.swift */ = {isa = PBXFileReference; fileEncoding = 4; lastKnownFileType = sourcecode.swift; path = "Assignment+CoreDataClass.swift"; sourceTree = "<group>"; };
		DD9F5F3623C6941500140859 /* Schedule+CoreDataClass.swift */ = {isa = PBXFileReference; fileEncoding = 4; lastKnownFileType = sourcecode.swift; path = "Schedule+CoreDataClass.swift"; sourceTree = "<group>"; };
		DD9F5F3723C6941500140859 /* PersistenceManager.swift */ = {isa = PBXFileReference; fileEncoding = 4; lastKnownFileType = sourcecode.swift; path = PersistenceManager.swift; sourceTree = "<group>"; };
		DD9F5F3823C6941500140859 /* Blocks+CoreDataProperties.swift */ = {isa = PBXFileReference; fileEncoding = 4; lastKnownFileType = sourcecode.swift; path = "Blocks+CoreDataProperties.swift"; sourceTree = "<group>"; };
		DD9F5F3923C6941500140859 /* CoreClub+CoreDataProperties.swift */ = {isa = PBXFileReference; fileEncoding = 4; lastKnownFileType = sourcecode.swift; path = "CoreClub+CoreDataProperties.swift"; sourceTree = "<group>"; };
		DD9F5F3A23C6941500140859 /* Work+CoreDataClass.swift */ = {isa = PBXFileReference; fileEncoding = 4; lastKnownFileType = sourcecode.swift; path = "Work+CoreDataClass.swift"; sourceTree = "<group>"; };
		DD9F5F4D23CA5DD100140859 /* EventModelController.swift */ = {isa = PBXFileReference; lastKnownFileType = sourcecode.swift; path = EventModelController.swift; sourceTree = "<group>"; };
		DD9F5F5023CA799900140859 /* NotificationController.swift */ = {isa = PBXFileReference; lastKnownFileType = sourcecode.swift; path = NotificationController.swift; sourceTree = "<group>"; };
		DD9F5F5223CA845700140859 /* ScheduleModelController.swift */ = {isa = PBXFileReference; lastKnownFileType = sourcecode.swift; path = ScheduleModelController.swift; sourceTree = "<group>"; };
		DD9F5F5423CA859D00140859 /* ClubModelController.swift */ = {isa = PBXFileReference; lastKnownFileType = sourcecode.swift; path = ClubModelController.swift; sourceTree = "<group>"; };
		DD9F5F5623CA88A500140859 /* SportModelController.swift */ = {isa = PBXFileReference; lastKnownFileType = sourcecode.swift; path = SportModelController.swift; sourceTree = "<group>"; };
		DD9F5F5823CA8B4D00140859 /* TeacherModelController.swift */ = {isa = PBXFileReference; lastKnownFileType = sourcecode.swift; path = TeacherModelController.swift; sourceTree = "<group>"; };
		DD9F5F5A23CABC2800140859 /* AssignmentModelController.swift */ = {isa = PBXFileReference; lastKnownFileType = sourcecode.swift; path = AssignmentModelController.swift; sourceTree = "<group>"; };
		DD9F5F5C23CACC5D00140859 /* DateController.swift */ = {isa = PBXFileReference; lastKnownFileType = sourcecode.swift; path = DateController.swift; sourceTree = "<group>"; };
		DD9F5F5F23CAFF3F00140859 /* WorkModelController.swift */ = {isa = PBXFileReference; lastKnownFileType = sourcecode.swift; path = WorkModelController.swift; sourceTree = "<group>"; };
		DD9F5F6723CBB18300140859 /* AssignmentTableViewCell.swift */ = {isa = PBXFileReference; fileEncoding = 4; lastKnownFileType = sourcecode.swift; path = AssignmentTableViewCell.swift; sourceTree = "<group>"; };
		DDA00D1721460C1300FD9B6F /* InfoAssignmentTableViewController.swift */ = {isa = PBXFileReference; lastKnownFileType = sourcecode.swift; path = InfoAssignmentTableViewController.swift; sourceTree = "<group>"; };
		DDA244452128B702003D63CD /* ClubTableViewController.swift */ = {isa = PBXFileReference; lastKnownFileType = sourcecode.swift; path = ClubTableViewController.swift; sourceTree = "<group>"; };
		DDA244472128BCDE003D63CD /* Clubs.swift */ = {isa = PBXFileReference; lastKnownFileType = sourcecode.swift; path = Clubs.swift; sourceTree = "<group>"; };
		DDA24449212921B2003D63CD /* InfoClubTableViewController.swift */ = {isa = PBXFileReference; lastKnownFileType = sourcecode.swift; path = InfoClubTableViewController.swift; sourceTree = "<group>"; };
		DDA2444D212A9959003D63CD /* SportsTableViewController.swift */ = {isa = PBXFileReference; lastKnownFileType = sourcecode.swift; path = SportsTableViewController.swift; sourceTree = "<group>"; };
		DDA2444F212BD2EA003D63CD /* InfoSportsTableViewController.swift */ = {isa = PBXFileReference; lastKnownFileType = sourcecode.swift; path = InfoSportsTableViewController.swift; sourceTree = "<group>"; };
		DDA24451212D2F8A003D63CD /* Teacher.swift */ = {isa = PBXFileReference; lastKnownFileType = sourcecode.swift; path = Teacher.swift; sourceTree = "<group>"; };
		DDA24453212E6BF6003D63CD /* DepartmentTableViewController.swift */ = {isa = PBXFileReference; lastKnownFileType = sourcecode.swift; path = DepartmentTableViewController.swift; sourceTree = "<group>"; };
		DDA24455212E7FFA003D63CD /* TeacherContactTableViewController.swift */ = {isa = PBXFileReference; lastKnownFileType = sourcecode.swift; path = TeacherContactTableViewController.swift; sourceTree = "<group>"; };
		DDA24459212FEB92003D63CD /* CourseTableViewController.swift */ = {isa = PBXFileReference; lastKnownFileType = sourcecode.swift; path = CourseTableViewController.swift; sourceTree = "<group>"; };
		DDA2445B21307F0E003D63CD /* GradeCourses.swift */ = {isa = PBXFileReference; lastKnownFileType = sourcecode.swift; path = GradeCourses.swift; sourceTree = "<group>"; };
		DDA2445D2131E710003D63CD /* MenuViewController.swift */ = {isa = PBXFileReference; lastKnownFileType = sourcecode.swift; path = MenuViewController.swift; sourceTree = "<group>"; };
		DDA2445F2131EF30003D63CD /* BulletinViewController.swift */ = {isa = PBXFileReference; lastKnownFileType = sourcecode.swift; path = BulletinViewController.swift; sourceTree = "<group>"; };
		DDA2446721366637003D63CD /* Classes.swift */ = {isa = PBXFileReference; lastKnownFileType = sourcecode.swift; path = Classes.swift; sourceTree = "<group>"; };
		DDA6C3152143A3D900F421A0 /* AddAssignmentTableViewController.swift */ = {isa = PBXFileReference; lastKnownFileType = sourcecode.swift; path = AddAssignmentTableViewController.swift; sourceTree = "<group>"; };
		DDA9AA9521B6632B0044E256 /* en */ = {isa = PBXFileReference; lastKnownFileType = text.plist.strings; name = en; path = en.lproj/Main.strings; sourceTree = "<group>"; };
		DDA9AA9721B7C7D20044E256 /* Notifications.swift */ = {isa = PBXFileReference; lastKnownFileType = sourcecode.swift; path = Notifications.swift; sourceTree = "<group>"; };
		DDA9AA9921BC83D50044E256 /* BlockTableViewCell.swift */ = {isa = PBXFileReference; lastKnownFileType = sourcecode.swift; path = BlockTableViewCell.swift; sourceTree = "<group>"; };
		DDA9AA9D21BC9FA40044E256 /* BlockTableViewController.swift */ = {isa = PBXFileReference; lastKnownFileType = sourcecode.swift; path = BlockTableViewController.swift; sourceTree = "<group>"; };
		DDA9AAA521BCFE9F0044E256 /* BlockInfoTableViewController.swift */ = {isa = PBXFileReference; lastKnownFileType = sourcecode.swift; path = BlockInfoTableViewController.swift; sourceTree = "<group>"; };
		DDC0B4C6213F9FB50098C8B3 /* AssignmentTableViewController.swift */ = {isa = PBXFileReference; lastKnownFileType = sourcecode.swift; path = AssignmentTableViewController.swift; sourceTree = "<group>"; };
		DDC2AF422196ACC0008D100A /* MyFeedViewController.swift */ = {isa = PBXFileReference; lastKnownFileType = sourcecode.swift; path = MyFeedViewController.swift; sourceTree = "<group>"; };
		DDC2AF442197AA3E008D100A /* AssignmentModuleViewController.swift */ = {isa = PBXFileReference; lastKnownFileType = sourcecode.swift; path = AssignmentModuleViewController.swift; sourceTree = "<group>"; };
		DDC2AF462197AD3E008D100A /* ClubModuleViewController.swift */ = {isa = PBXFileReference; lastKnownFileType = sourcecode.swift; path = ClubModuleViewController.swift; sourceTree = "<group>"; };
		DDC2AF482197AD54008D100A /* ScheduleModuleViewController.swift */ = {isa = PBXFileReference; lastKnownFileType = sourcecode.swift; path = ScheduleModuleViewController.swift; sourceTree = "<group>"; };
		DDC2AF4A2197ADE4008D100A /* EventsModuleViewController.swift */ = {isa = PBXFileReference; lastKnownFileType = sourcecode.swift; path = EventsModuleViewController.swift; sourceTree = "<group>"; };
		DDC2AF6A21A00EFD008D100A /* AssignmentModuleTableViewCell.swift */ = {isa = PBXFileReference; fileEncoding = 4; lastKnownFileType = sourcecode.swift; path = AssignmentModuleTableViewCell.swift; sourceTree = "<group>"; };
		DDC3DB0722D704C00009B608 /* MobileCoreServices.framework */ = {isa = PBXFileReference; lastKnownFileType = wrapper.framework; name = MobileCoreServices.framework; path = System/Library/Frameworks/MobileCoreServices.framework; sourceTree = SDKROOT; };
		DDC3DB0922D704C90009B608 /* Security.framework */ = {isa = PBXFileReference; lastKnownFileType = wrapper.framework; name = Security.framework; path = System/Library/Frameworks/Security.framework; sourceTree = SDKROOT; };
		DDC3DB0B22D704D00009B608 /* CFNetwork.framework */ = {isa = PBXFileReference; lastKnownFileType = wrapper.framework; name = CFNetwork.framework; path = System/Library/Frameworks/CFNetwork.framework; sourceTree = SDKROOT; };
		DDC3DB0D22D704DC0009B608 /* SystemConfiguration.framework */ = {isa = PBXFileReference; lastKnownFileType = wrapper.framework; name = SystemConfiguration.framework; path = System/Library/Frameworks/SystemConfiguration.framework; sourceTree = SDKROOT; };
		DDC3DB0F22D704E40009B608 /* CoreData.framework */ = {isa = PBXFileReference; lastKnownFileType = wrapper.framework; name = CoreData.framework; path = System/Library/Frameworks/CoreData.framework; sourceTree = SDKROOT; };
		DDC3DB1122D704EB0009B608 /* UIKit.framework */ = {isa = PBXFileReference; lastKnownFileType = wrapper.framework; name = UIKit.framework; path = System/Library/Frameworks/UIKit.framework; sourceTree = SDKROOT; };
		DDC3DB1322D704F90009B608 /* Foundation.framework */ = {isa = PBXFileReference; lastKnownFileType = wrapper.framework; name = Foundation.framework; path = System/Library/Frameworks/Foundation.framework; sourceTree = SDKROOT; };
		DDC3DB1522D705030009B608 /* CoreGraphics.framework */ = {isa = PBXFileReference; lastKnownFileType = wrapper.framework; name = CoreGraphics.framework; path = System/Library/Frameworks/CoreGraphics.framework; sourceTree = SDKROOT; };
		DDD430B8221F410100E91424 /* GoogleService-Info.plist */ = {isa = PBXFileReference; fileEncoding = 4; lastKnownFileType = text.plist.xml; path = "GoogleService-Info.plist"; sourceTree = "<group>"; };
		DDD7569B23CBBA8A00750F8D /* StudentHubNavigationViewController.swift */ = {isa = PBXFileReference; lastKnownFileType = sourcecode.swift; path = StudentHubNavigationViewController.swift; sourceTree = "<group>"; };
		DDDBA1C82360E4C100EE9D01 /* FlexSignUpViewController.swift */ = {isa = PBXFileReference; lastKnownFileType = sourcecode.swift; path = FlexSignUpViewController.swift; sourceTree = "<group>"; };
		DDE2ECFE2121584B003C7E40 /* BCSS.app */ = {isa = PBXFileReference; explicitFileType = wrapper.application; includeInIndex = 0; path = BCSS.app; sourceTree = BUILT_PRODUCTS_DIR; };
		DDE2ED012121584B003C7E40 /* AppDelegate.swift */ = {isa = PBXFileReference; lastKnownFileType = sourcecode.swift; path = AppDelegate.swift; sourceTree = "<group>"; };
		DDE2ED062121584C003C7E40 /* Base */ = {isa = PBXFileReference; lastKnownFileType = file.storyboard; name = Base; path = Base.lproj/Main.storyboard; sourceTree = "<group>"; };
		DDE2ED092121584C003C7E40 /* BCSS.xcdatamodel */ = {isa = PBXFileReference; lastKnownFileType = wrapper.xcdatamodel; path = BCSS.xcdatamodel; sourceTree = "<group>"; };
		DDE2ED0B2121584E003C7E40 /* Assets.xcassets */ = {isa = PBXFileReference; lastKnownFileType = folder.assetcatalog; path = Assets.xcassets; sourceTree = "<group>"; };
		DDE2ED0E2121584E003C7E40 /* Base */ = {isa = PBXFileReference; lastKnownFileType = file.storyboard; name = Base; path = Base.lproj/LaunchScreen.storyboard; sourceTree = "<group>"; };
		DDE2ED102121584E003C7E40 /* Info.plist */ = {isa = PBXFileReference; lastKnownFileType = text.plist.xml; path = Info.plist; sourceTree = "<group>"; };
		DDE2ED152121584E003C7E40 /* BCSSTests.xctest */ = {isa = PBXFileReference; explicitFileType = wrapper.cfbundle; includeInIndex = 0; path = BCSSTests.xctest; sourceTree = BUILT_PRODUCTS_DIR; };
		DDE2ED192121584E003C7E40 /* BCSSTests.swift */ = {isa = PBXFileReference; lastKnownFileType = sourcecode.swift; path = BCSSTests.swift; sourceTree = "<group>"; };
		DDE2ED1B2121584E003C7E40 /* Info.plist */ = {isa = PBXFileReference; lastKnownFileType = text.plist.xml; path = Info.plist; sourceTree = "<group>"; };
		DDE2ED202121584E003C7E40 /* BCSSUITests.xctest */ = {isa = PBXFileReference; explicitFileType = wrapper.cfbundle; includeInIndex = 0; path = BCSSUITests.xctest; sourceTree = BUILT_PRODUCTS_DIR; };
		DDE2ED242121584E003C7E40 /* BCSSUITests.swift */ = {isa = PBXFileReference; lastKnownFileType = sourcecode.swift; path = BCSSUITests.swift; sourceTree = "<group>"; };
		DDE2ED262121584E003C7E40 /* Info.plist */ = {isa = PBXFileReference; lastKnownFileType = text.plist.xml; path = Info.plist; sourceTree = "<group>"; };
		DDE9C35F2335B1DF00FDD83A /* NetworkController.swift */ = {isa = PBXFileReference; lastKnownFileType = sourcecode.swift; path = NetworkController.swift; sourceTree = "<group>"; };
		DDEA109322C5EB7D0075093B /* OnboardingViewController.swift */ = {isa = PBXFileReference; lastKnownFileType = sourcecode.swift; path = OnboardingViewController.swift; sourceTree = "<group>"; };
		DDEA5B1A231234CF000501C4 /* ClubUpdateController.swift */ = {isa = PBXFileReference; lastKnownFileType = sourcecode.swift; path = ClubUpdateController.swift; sourceTree = "<group>"; };
		DDF34110215B0D35007DA56A /* MyClubsTableViewController.swift */ = {isa = PBXFileReference; lastKnownFileType = sourcecode.swift; path = MyClubsTableViewController.swift; sourceTree = "<group>"; };
		DDF7262E2211F8B500C8D861 /* EventTableViewController.swift */ = {isa = PBXFileReference; lastKnownFileType = sourcecode.swift; path = EventTableViewController.swift; sourceTree = "<group>"; };
		DDF8415B23CBBF09008F310C /* CentralUIViewController.swift */ = {isa = PBXFileReference; fileEncoding = 4; lastKnownFileType = sourcecode.swift; name = CentralUIViewController.swift; path = "BCSS/ViewControllers/User Interface/CentralUIViewController.swift"; sourceTree = SOURCE_ROOT; };
		DDF8415C23CBBF09008F310C /* ProfileTableViewController.swift */ = {isa = PBXFileReference; fileEncoding = 4; lastKnownFileType = sourcecode.swift; name = ProfileTableViewController.swift; path = "BCSS/ViewControllers/User Interface/ProfileTableViewController.swift"; sourceTree = SOURCE_ROOT; };
		DDF8415D23CBBF09008F310C /* StudentHubTableViewController.swift */ = {isa = PBXFileReference; fileEncoding = 4; lastKnownFileType = sourcecode.swift; name = StudentHubTableViewController.swift; path = "BCSS/ViewControllers/User Interface/StudentHubTableViewController.swift"; sourceTree = SOURCE_ROOT; };
		DDF8415E23CBBF09008F310C /* SettingsTableViewController.swift */ = {isa = PBXFileReference; fileEncoding = 4; lastKnownFileType = sourcecode.swift; name = SettingsTableViewController.swift; path = "BCSS/ViewControllers/User Interface/SettingsTableViewController.swift"; sourceTree = SOURCE_ROOT; };
		DDF8416523CBCE4E008F310C /* Sports.swift */ = {isa = PBXFileReference; fileEncoding = 4; lastKnownFileType = sourcecode.swift; path = Sports.swift; sourceTree = "<group>"; };
		E0DB0BCE113CFC26F91C4003 /* Pods-BCSSUITests.release.xcconfig */ = {isa = PBXFileReference; includeInIndex = 1; lastKnownFileType = text.xcconfig; name = "Pods-BCSSUITests.release.xcconfig"; path = "Target Support Files/Pods-BCSSUITests/Pods-BCSSUITests.release.xcconfig"; sourceTree = "<group>"; };
/* End PBXFileReference section */

/* Begin PBXFrameworksBuildPhase section */
		DDE2ECFB2121584B003C7E40 /* Frameworks */ = {
			isa = PBXFrameworksBuildPhase;
			buildActionMask = 2147483647;
			files = (
				DDC3DB1622D705030009B608 /* CoreGraphics.framework in Frameworks */,
				DDC3DB1422D704F90009B608 /* Foundation.framework in Frameworks */,
				DDC3DB1222D704EB0009B608 /* UIKit.framework in Frameworks */,
				DDC3DB1022D704E40009B608 /* CoreData.framework in Frameworks */,
				DDC3DB0E22D704DC0009B608 /* SystemConfiguration.framework in Frameworks */,
				DDC3DB0C22D704D00009B608 /* CFNetwork.framework in Frameworks */,
				DDC3DB0A22D704C90009B608 /* Security.framework in Frameworks */,
				DDC3DB0822D704C00009B608 /* MobileCoreServices.framework in Frameworks */,
				B6DE96680B5C53A844C74E02 /* Pods_BCSS.framework in Frameworks */,
			);
			runOnlyForDeploymentPostprocessing = 0;
		};
		DDE2ED122121584E003C7E40 /* Frameworks */ = {
			isa = PBXFrameworksBuildPhase;
			buildActionMask = 2147483647;
			files = (
				59D5A7FE862536285BFE1FEC /* Pods_BCSSTests.framework in Frameworks */,
			);
			runOnlyForDeploymentPostprocessing = 0;
		};
		DDE2ED1D2121584E003C7E40 /* Frameworks */ = {
			isa = PBXFrameworksBuildPhase;
			buildActionMask = 2147483647;
			files = (
				CCFDBFF0F21A2789F16C602F /* Pods_BCSSUITests.framework in Frameworks */,
			);
			runOnlyForDeploymentPostprocessing = 0;
		};
/* End PBXFrameworksBuildPhase section */

/* Begin PBXGroup section */
		14F12391753FF3C5305888BA /* Frameworks */ = {
			isa = PBXGroup;
			children = (
				DDC3DB1522D705030009B608 /* CoreGraphics.framework */,
				DDC3DB1322D704F90009B608 /* Foundation.framework */,
				DDC3DB1122D704EB0009B608 /* UIKit.framework */,
				DDC3DB0F22D704E40009B608 /* CoreData.framework */,
				DDC3DB0D22D704DC0009B608 /* SystemConfiguration.framework */,
				DDC3DB0B22D704D00009B608 /* CFNetwork.framework */,
				DDC3DB0922D704C90009B608 /* Security.framework */,
				DDC3DB0722D704C00009B608 /* MobileCoreServices.framework */,
				C72054C55781973C1E939C73 /* Pods_BCSS.framework */,
				6551047A11946B939E4A97E1 /* Pods_BCSSTests.framework */,
				919DF9EEC71C767577F26B23 /* Pods_BCSSUITests.framework */,
			);
			name = Frameworks;
			sourceTree = "<group>";
		};
		AEEB8EED41A78586E2F4CBB6 /* Pods */ = {
			isa = PBXGroup;
			children = (
				8A387D19D537C3EC0E57FD1A /* Pods-BCSS.debug.xcconfig */,
				58AA4F86930642C8ACC28928 /* Pods-BCSS.release.xcconfig */,
				6E25FCA552396AE1D45FF2A4 /* Pods-BCSSTests.debug.xcconfig */,
				19ED6267EF76AD3ACA45631E /* Pods-BCSSTests.release.xcconfig */,
				77C1EF1C0C22F562F824C41F /* Pods-BCSSUITests.debug.xcconfig */,
				E0DB0BCE113CFC26F91C4003 /* Pods-BCSSUITests.release.xcconfig */,
			);
			path = Pods;
			sourceTree = "<group>";
		};
		DD62BE7A217643AB00D730CA /* Service Hours */ = {
			isa = PBXGroup;
			children = (
				DD62BE7B2176444800D730CA /* MyServiceHoursTableViewController.swift */,
				DD62BE7F2177A26A00D730CA /* ServiceHoursInfoTableViewController.swift */,
				DD62BE812177A27D00D730CA /* AddServiceHoursTableViewController.swift */,
			);
			path = "Service Hours";
			sourceTree = "<group>";
		};
		DD62BE83217BF9EB00D730CA /* Calendar */ = {
			isa = PBXGroup;
			children = (
				DD62BE88217C274700D730CA /* CalendarViewController.swift */,
				DDF7262E2211F8B500C8D861 /* EventTableViewController.swift */,
			);
			path = Calendar;
			sourceTree = "<group>";
		};
		DD8B96CF216AFDD100B4CBC4 /* My Teams */ = {
			isa = PBXGroup;
			children = (
				DD8B96D4216BE2E600B4CBC4 /* MyTeamTableViewController.swift */,
				DD8B96D6216BE35A00B4CBC4 /* MyTeamInfoTableViewController.swift */,
			);
			path = "My Teams";
			sourceTree = "<group>";
		};
		DD9F5EF423C66C4F00140859 /* Model */ = {
			isa = PBXGroup;
			children = (
				DDA244472128BCDE003D63CD /* Clubs.swift */,
				DDA2446721366637003D63CD /* Classes.swift */,
				DDF8416523CBCE4E008F310C /* Sports.swift */,
				DD62BE7D217644FC00D730CA /* WorkHours.swift */,
				DD66FC9A22D7B01F00BBC45B /* Event.swift */,
				DDA2445B21307F0E003D63CD /* GradeCourses.swift */,
				DDA9AA9721B7C7D20044E256 /* Notifications.swift */,
				DD9F5F1C23C67E6700140859 /* Saved Data */,
			);
			path = Model;
			sourceTree = "<group>";
		};
		DD9F5EF523C66C5700140859 /* ViewControllers */ = {
			isa = PBXGroup;
			children = (
				DDC0B4BF213E64860098C8B3 /* My Schedule */,
				DDC0B4C0213E64A70098C8B3 /* Teacher Contact */,
				DDC0B4C2213E650C0098C8B3 /* Clubs */,
				DDC0B4C3213E654A0098C8B3 /* Sports */,
				DDF8415A23CBBEDE008F310C /* UI */,
				DDC0B4C4213E657A0098C8B3 /* Courses Available */,
				DDC0B4C5213E65970098C8B3 /* Web Content */,
				DDC0B4C8213F9FC10098C8B3 /* My Assignments */,
				DDF3410F215B0C84007DA56A /* My Clubs */,
				DD8B96CF216AFDD100B4CBC4 /* My Teams */,
				DD62BE7A217643AB00D730CA /* Service Hours */,
				DD9F5F5E23CAFDE300140859 /* Onboarding */,
				DD62BE83217BF9EB00D730CA /* Calendar */,
				DDC2AF3F21969778008D100A /* My Feed */,
			);
			path = ViewControllers;
			sourceTree = "<group>";
		};
		DD9F5EF623C66DB100140859 /* Storyboards */ = {
			isa = PBXGroup;
			children = (
				DD62BE84217C08EC00D730CA /* Calendar.storyboard */,
				DDE2ED052121584C003C7E40 /* Main.storyboard */,
				DD66FCA122D7B83D00BBC45B /* MyFeed.storyboard */,
				DD66FCA322D7BC8900BBC45B /* onboardScreen.storyboard */,
			);
			path = Storyboards;
			sourceTree = "<group>";
		};
		DD9F5F1C23C67E6700140859 /* Saved Data */ = {
			isa = PBXGroup;
			children = (
				DD9F5F3423C6941500140859 /* Blocks+CoreDataClass.swift */,
				DD9F5F3823C6941500140859 /* Blocks+CoreDataProperties.swift */,
				DD9F5F3523C6941500140859 /* Assignment+CoreDataClass.swift */,
				DD9F5F3223C6941500140859 /* Assignment+CoreDataProperties.swift */,
				DD9F5F3323C6941500140859 /* CoreClub+CoreDataClass.swift */,
				DD9F5F3923C6941500140859 /* CoreClub+CoreDataProperties.swift */,
				DD9F5F3723C6941500140859 /* PersistenceManager.swift */,
				DD9F5F3623C6941500140859 /* Schedule+CoreDataClass.swift */,
				DD9F5F3123C6941500140859 /* Schedule+CoreDataProperties.swift */,
				DD9F5F2F23C6941400140859 /* Team+CoreDataClass.swift */,
				DD9F5F3023C6941400140859 /* Team+CoreDataProperties.swift */,
				DD9F5F3A23C6941500140859 /* Work+CoreDataClass.swift */,
				DD9F5F2E23C6941400140859 /* Work+CoreDataProperties.swift */,
			);
			path = "Saved Data";
			sourceTree = "<group>";
		};
		DD9F5F4C23CA5D2300140859 /* Model Controllers */ = {
			isa = PBXGroup;
			children = (
				DD9F5F4D23CA5DD100140859 /* EventModelController.swift */,
				DD9F5F5223CA845700140859 /* ScheduleModelController.swift */,
				DD9F5F5423CA859D00140859 /* ClubModelController.swift */,
				DD9F5F5823CA8B4D00140859 /* TeacherModelController.swift */,
				DD9F5F5A23CABC2800140859 /* AssignmentModelController.swift */,
				DD9F5F5623CA88A500140859 /* SportModelController.swift */,
				DD9F5F5F23CAFF3F00140859 /* WorkModelController.swift */,
			);
			path = "Model Controllers";
			sourceTree = "<group>";
		};
		DD9F5F4F23CA5E9C00140859 /* View */ = {
			isa = PBXGroup;
			children = (
				DDA9AA9921BC83D50044E256 /* BlockTableViewCell.swift */,
				DD62BE86217C1F7700D730CA /* CalendarCell.swift */,
				DDC2AF6A21A00EFD008D100A /* AssignmentModuleTableViewCell.swift */,
			);
			path = View;
			sourceTree = "<group>";
		};
		DD9F5F5E23CAFDE300140859 /* Onboarding */ = {
			isa = PBXGroup;
			children = (
				DDEA109322C5EB7D0075093B /* OnboardingViewController.swift */,
			);
			path = Onboarding;
			sourceTree = "<group>";
		};
		DDC0B4BF213E64860098C8B3 /* My Schedule */ = {
			isa = PBXGroup;
			children = (
				DDA9AA9D21BC9FA40044E256 /* BlockTableViewController.swift */,
				DDA9AAA521BCFE9F0044E256 /* BlockInfoTableViewController.swift */,
			);
			path = "My Schedule";
			sourceTree = "<group>";
		};
		DDC0B4C0213E64A70098C8B3 /* Teacher Contact */ = {
			isa = PBXGroup;
			children = (
				DDA24451212D2F8A003D63CD /* Teacher.swift */,
				DDA24455212E7FFA003D63CD /* TeacherContactTableViewController.swift */,
				DDA24453212E6BF6003D63CD /* DepartmentTableViewController.swift */,
			);
			path = "Teacher Contact";
			sourceTree = "<group>";
		};
		DDC0B4C2213E650C0098C8B3 /* Clubs */ = {
			isa = PBXGroup;
			children = (
				DDA244452128B702003D63CD /* ClubTableViewController.swift */,
				DDA24449212921B2003D63CD /* InfoClubTableViewController.swift */,
			);
			path = Clubs;
			sourceTree = "<group>";
		};
		DDC0B4C3213E654A0098C8B3 /* Sports */ = {
			isa = PBXGroup;
			children = (
				DDA2444D212A9959003D63CD /* SportsTableViewController.swift */,
				DDA2444F212BD2EA003D63CD /* InfoSportsTableViewController.swift */,
			);
			path = Sports;
			sourceTree = "<group>";
		};
		DDC0B4C4213E657A0098C8B3 /* Courses Available */ = {
			isa = PBXGroup;
			children = (
				DDA24459212FEB92003D63CD /* CourseTableViewController.swift */,
			);
			path = "Courses Available";
			sourceTree = "<group>";
		};
		DDC0B4C5213E65970098C8B3 /* Web Content */ = {
			isa = PBXGroup;
			children = (
				DDA2445D2131E710003D63CD /* MenuViewController.swift */,
				DDA2445F2131EF30003D63CD /* BulletinViewController.swift */,
				DDDBA1C82360E4C100EE9D01 /* FlexSignUpViewController.swift */,
			);
			path = "Web Content";
			sourceTree = "<group>";
		};
		DDC0B4C8213F9FC10098C8B3 /* My Assignments */ = {
			isa = PBXGroup;
			children = (
				DDC0B4C6213F9FB50098C8B3 /* AssignmentTableViewController.swift */,
				DDA00D1721460C1300FD9B6F /* InfoAssignmentTableViewController.swift */,
				DDA6C3152143A3D900F421A0 /* AddAssignmentTableViewController.swift */,
				DD9F5F6723CBB18300140859 /* AssignmentTableViewCell.swift */,
			);
			path = "My Assignments";
			sourceTree = "<group>";
		};
		DDC2AF3F21969778008D100A /* My Feed */ = {
			isa = PBXGroup;
			children = (
				DDC2AF422196ACC0008D100A /* MyFeedViewController.swift */,
				DDC2AF442197AA3E008D100A /* AssignmentModuleViewController.swift */,
				DDC2AF462197AD3E008D100A /* ClubModuleViewController.swift */,
				DDC2AF482197AD54008D100A /* ScheduleModuleViewController.swift */,
				DDC2AF4A2197ADE4008D100A /* EventsModuleViewController.swift */,
			);
			path = "My Feed";
			sourceTree = "<group>";
		};
		DDE2ECF52121584B003C7E40 = {
			isa = PBXGroup;
			children = (
				DDE2ED002121584B003C7E40 /* BCSS */,
				DDE2ED182121584E003C7E40 /* BCSSTests */,
				DDE2ED232121584E003C7E40 /* BCSSUITests */,
				DDE2ECFF2121584B003C7E40 /* Products */,
				14F12391753FF3C5305888BA /* Frameworks */,
				AEEB8EED41A78586E2F4CBB6 /* Pods */,
			);
			sourceTree = "<group>";
		};
		DDE2ECFF2121584B003C7E40 /* Products */ = {
			isa = PBXGroup;
			children = (
				DDE2ECFE2121584B003C7E40 /* BCSS.app */,
				DDE2ED152121584E003C7E40 /* BCSSTests.xctest */,
				DDE2ED202121584E003C7E40 /* BCSSUITests.xctest */,
			);
			name = Products;
			sourceTree = "<group>";
		};
		DDE2ED002121584B003C7E40 /* BCSS */ = {
			isa = PBXGroup;
			children = (
				DDE2ED012121584B003C7E40 /* AppDelegate.swift */,
				DD9F5F4F23CA5E9C00140859 /* View */,
				DD9F5F4C23CA5D2300140859 /* Model Controllers */,
				DD9F5EF623C66DB100140859 /* Storyboards */,
				DD9F5EF423C66C4F00140859 /* Model */,
				DD9F5EF523C66C5700140859 /* ViewControllers */,
				DDEA5B1C231612B8000501C4 /* Helper */,
				DDE2ED0B2121584E003C7E40 /* Assets.xcassets */,
				DDE2ED0D2121584E003C7E40 /* LaunchScreen.storyboard */,
				DDD430B8221F410100E91424 /* GoogleService-Info.plist */,
				DDE2ED102121584E003C7E40 /* Info.plist */,
				DDE2ED082121584C003C7E40 /* BCSS.xcdatamodeld */,
			);
			path = BCSS;
			sourceTree = "<group>";
		};
		DDE2ED182121584E003C7E40 /* BCSSTests */ = {
			isa = PBXGroup;
			children = (
				DDE2ED192121584E003C7E40 /* BCSSTests.swift */,
				DDE2ED1B2121584E003C7E40 /* Info.plist */,
			);
			path = BCSSTests;
			sourceTree = "<group>";
		};
		DDE2ED232121584E003C7E40 /* BCSSUITests */ = {
			isa = PBXGroup;
			children = (
				DDE2ED242121584E003C7E40 /* BCSSUITests.swift */,
				DDE2ED262121584E003C7E40 /* Info.plist */,
			);
			path = BCSSUITests;
			sourceTree = "<group>";
		};
		DDEA5B1C231612B8000501C4 /* Helper */ = {
			isa = PBXGroup;
			children = (
				DDEA5B1A231234CF000501C4 /* ClubUpdateController.swift */,
				DDE9C35F2335B1DF00FDD83A /* NetworkController.swift */,
				DD9F5F5023CA799900140859 /* NotificationController.swift */,
				DD9F5F5C23CACC5D00140859 /* DateController.swift */,
			);
			path = Helper;
			sourceTree = "<group>";
		};
		DDF3410F215B0C84007DA56A /* My Clubs */ = {
			isa = PBXGroup;
			children = (
				DD8B96D2216B112E00B4CBC4 /* MyClubInfoTableViewController.swift */,
				DDF34110215B0D35007DA56A /* MyClubsTableViewController.swift */,
			);
			path = "My Clubs";
			sourceTree = "<group>";
		};
		DDF8415A23CBBEDE008F310C /* UI */ = {
			isa = PBXGroup;
			children = (
				DDD7569B23CBBA8A00750F8D /* StudentHubNavigationViewController.swift */,
				DDF8415B23CBBF09008F310C /* CentralUIViewController.swift */,
				DDF8415C23CBBF09008F310C /* ProfileTableViewController.swift */,
				DDF8415E23CBBF09008F310C /* SettingsTableViewController.swift */,
				DDF8415D23CBBF09008F310C /* StudentHubTableViewController.swift */,
			);
			path = UI;
			sourceTree = "<group>";
		};
/* End PBXGroup section */

/* Begin PBXNativeTarget section */
		DDE2ECFD2121584B003C7E40 /* BCSS */ = {
			isa = PBXNativeTarget;
			buildConfigurationList = DDE2ED292121584E003C7E40 /* Build configuration list for PBXNativeTarget "BCSS" */;
			buildPhases = (
				3B573E1026371AF69B00C13C /* [CP] Check Pods Manifest.lock */,
				DDE2ECFA2121584B003C7E40 /* Sources */,
				DDE2ECFB2121584B003C7E40 /* Frameworks */,
				DDE2ECFC2121584B003C7E40 /* Resources */,
				3644DEEA7DE738CC7718119C /* [CP] Embed Pods Frameworks */,
			);
			buildRules = (
			);
			dependencies = (
			);
			name = BCSS;
			productName = BCSS;
			productReference = DDE2ECFE2121584B003C7E40 /* BCSS.app */;
			productType = "com.apple.product-type.application";
		};
		DDE2ED142121584E003C7E40 /* BCSSTests */ = {
			isa = PBXNativeTarget;
			buildConfigurationList = DDE2ED2C2121584E003C7E40 /* Build configuration list for PBXNativeTarget "BCSSTests" */;
			buildPhases = (
				8727FD780516F38C32F8FEAD /* [CP] Check Pods Manifest.lock */,
				DDE2ED112121584E003C7E40 /* Sources */,
				DDE2ED122121584E003C7E40 /* Frameworks */,
				DDE2ED132121584E003C7E40 /* Resources */,
			);
			buildRules = (
			);
			dependencies = (
				DDE2ED172121584E003C7E40 /* PBXTargetDependency */,
			);
			name = BCSSTests;
			productName = BCSSTests;
			productReference = DDE2ED152121584E003C7E40 /* BCSSTests.xctest */;
			productType = "com.apple.product-type.bundle.unit-test";
		};
		DDE2ED1F2121584E003C7E40 /* BCSSUITests */ = {
			isa = PBXNativeTarget;
			buildConfigurationList = DDE2ED2F2121584E003C7E40 /* Build configuration list for PBXNativeTarget "BCSSUITests" */;
			buildPhases = (
				9BF8F2AD7BB5BC909CEB1191 /* [CP] Check Pods Manifest.lock */,
				DDE2ED1C2121584E003C7E40 /* Sources */,
				DDE2ED1D2121584E003C7E40 /* Frameworks */,
				DDE2ED1E2121584E003C7E40 /* Resources */,
			);
			buildRules = (
			);
			dependencies = (
				DDE2ED222121584E003C7E40 /* PBXTargetDependency */,
			);
			name = BCSSUITests;
			productName = BCSSUITests;
			productReference = DDE2ED202121584E003C7E40 /* BCSSUITests.xctest */;
			productType = "com.apple.product-type.bundle.ui-testing";
		};
/* End PBXNativeTarget section */

/* Begin PBXProject section */
		DDE2ECF62121584B003C7E40 /* Project object */ = {
			isa = PBXProject;
			attributes = {
				LastSwiftUpdateCheck = 0940;
				LastUpgradeCheck = 0940;
				ORGANIZATIONNAME = "Ricky Mao";
				TargetAttributes = {
					DDE2ECFD2121584B003C7E40 = {
						CreatedOnToolsVersion = 9.4.1;
						LastSwiftMigration = 1020;
					};
					DDE2ED142121584E003C7E40 = {
						CreatedOnToolsVersion = 9.4.1;
						LastSwiftMigration = 1020;
						TestTargetID = DDE2ECFD2121584B003C7E40;
					};
					DDE2ED1F2121584E003C7E40 = {
						CreatedOnToolsVersion = 9.4.1;
						LastSwiftMigration = 1020;
						TestTargetID = DDE2ECFD2121584B003C7E40;
					};
				};
			};
			buildConfigurationList = DDE2ECF92121584B003C7E40 /* Build configuration list for PBXProject "BCSS" */;
			compatibilityVersion = "Xcode 10.0";
			developmentRegion = en;
			hasScannedForEncodings = 0;
			knownRegions = (
				en,
				Base,
			);
			mainGroup = DDE2ECF52121584B003C7E40;
			productRefGroup = DDE2ECFF2121584B003C7E40 /* Products */;
			projectDirPath = "";
			projectRoot = "";
			targets = (
				DDE2ECFD2121584B003C7E40 /* BCSS */,
				DDE2ED142121584E003C7E40 /* BCSSTests */,
				DDE2ED1F2121584E003C7E40 /* BCSSUITests */,
			);
		};
/* End PBXProject section */

/* Begin PBXResourcesBuildPhase section */
		DDE2ECFC2121584B003C7E40 /* Resources */ = {
			isa = PBXResourcesBuildPhase;
			buildActionMask = 2147483647;
			files = (
				DD62BE85217C08EC00D730CA /* Calendar.storyboard in Resources */,
				DDA9AA9321B663230044E256 /* Main.storyboard in Resources */,
				DD66FCA222D7B83D00BBC45B /* MyFeed.storyboard in Resources */,
				DDE2ED0F2121584E003C7E40 /* LaunchScreen.storyboard in Resources */,
				DD66FCA422D7BC8900BBC45B /* onboardScreen.storyboard in Resources */,
				DDE2ED0C2121584E003C7E40 /* Assets.xcassets in Resources */,
				DDD430B9221F410100E91424 /* GoogleService-Info.plist in Resources */,
			);
			runOnlyForDeploymentPostprocessing = 0;
		};
		DDE2ED132121584E003C7E40 /* Resources */ = {
			isa = PBXResourcesBuildPhase;
			buildActionMask = 2147483647;
			files = (
				DDD430BA221F410100E91424 /* GoogleService-Info.plist in Resources */,
			);
			runOnlyForDeploymentPostprocessing = 0;
		};
		DDE2ED1E2121584E003C7E40 /* Resources */ = {
			isa = PBXResourcesBuildPhase;
			buildActionMask = 2147483647;
			files = (
				DDD430BB221F410100E91424 /* GoogleService-Info.plist in Resources */,
			);
			runOnlyForDeploymentPostprocessing = 0;
		};
/* End PBXResourcesBuildPhase section */

/* Begin PBXShellScriptBuildPhase section */
		3644DEEA7DE738CC7718119C /* [CP] Embed Pods Frameworks */ = {
			isa = PBXShellScriptBuildPhase;
			buildActionMask = 2147483647;
			files = (
			);
			inputFileListPaths = (
				"${PODS_ROOT}/Target Support Files/Pods-BCSS/Pods-BCSS-frameworks-${CONFIGURATION}-input-files.xcfilelist",
			);
			name = "[CP] Embed Pods Frameworks";
			outputFileListPaths = (
				"${PODS_ROOT}/Target Support Files/Pods-BCSS/Pods-BCSS-frameworks-${CONFIGURATION}-output-files.xcfilelist",
			);
			runOnlyForDeploymentPostprocessing = 0;
			shellPath = /bin/sh;
			shellScript = "\"${PODS_ROOT}/Target Support Files/Pods-BCSS/Pods-BCSS-frameworks.sh\"\n";
			showEnvVarsInLog = 0;
		};
		3B573E1026371AF69B00C13C /* [CP] Check Pods Manifest.lock */ = {
			isa = PBXShellScriptBuildPhase;
			buildActionMask = 2147483647;
			files = (
			);
			inputFileListPaths = (
			);
			inputPaths = (
				"${PODS_PODFILE_DIR_PATH}/Podfile.lock",
				"${PODS_ROOT}/Manifest.lock",
			);
			name = "[CP] Check Pods Manifest.lock";
			outputFileListPaths = (
			);
			outputPaths = (
				"$(DERIVED_FILE_DIR)/Pods-BCSS-checkManifestLockResult.txt",
			);
			runOnlyForDeploymentPostprocessing = 0;
			shellPath = /bin/sh;
			shellScript = "diff \"${PODS_PODFILE_DIR_PATH}/Podfile.lock\" \"${PODS_ROOT}/Manifest.lock\" > /dev/null\nif [ $? != 0 ] ; then\n    # print error to STDERR\n    echo \"error: The sandbox is not in sync with the Podfile.lock. Run 'pod install' or update your CocoaPods installation.\" >&2\n    exit 1\nfi\n# This output is used by Xcode 'outputs' to avoid re-running this script phase.\necho \"SUCCESS\" > \"${SCRIPT_OUTPUT_FILE_0}\"\n";
			showEnvVarsInLog = 0;
		};
		8727FD780516F38C32F8FEAD /* [CP] Check Pods Manifest.lock */ = {
			isa = PBXShellScriptBuildPhase;
			buildActionMask = 2147483647;
			files = (
			);
			inputFileListPaths = (
			);
			inputPaths = (
				"${PODS_PODFILE_DIR_PATH}/Podfile.lock",
				"${PODS_ROOT}/Manifest.lock",
			);
			name = "[CP] Check Pods Manifest.lock";
			outputFileListPaths = (
			);
			outputPaths = (
				"$(DERIVED_FILE_DIR)/Pods-BCSSTests-checkManifestLockResult.txt",
			);
			runOnlyForDeploymentPostprocessing = 0;
			shellPath = /bin/sh;
			shellScript = "diff \"${PODS_PODFILE_DIR_PATH}/Podfile.lock\" \"${PODS_ROOT}/Manifest.lock\" > /dev/null\nif [ $? != 0 ] ; then\n    # print error to STDERR\n    echo \"error: The sandbox is not in sync with the Podfile.lock. Run 'pod install' or update your CocoaPods installation.\" >&2\n    exit 1\nfi\n# This output is used by Xcode 'outputs' to avoid re-running this script phase.\necho \"SUCCESS\" > \"${SCRIPT_OUTPUT_FILE_0}\"\n";
			showEnvVarsInLog = 0;
		};
		9BF8F2AD7BB5BC909CEB1191 /* [CP] Check Pods Manifest.lock */ = {
			isa = PBXShellScriptBuildPhase;
			buildActionMask = 2147483647;
			files = (
			);
			inputFileListPaths = (
			);
			inputPaths = (
				"${PODS_PODFILE_DIR_PATH}/Podfile.lock",
				"${PODS_ROOT}/Manifest.lock",
			);
			name = "[CP] Check Pods Manifest.lock";
			outputFileListPaths = (
			);
			outputPaths = (
				"$(DERIVED_FILE_DIR)/Pods-BCSSUITests-checkManifestLockResult.txt",
			);
			runOnlyForDeploymentPostprocessing = 0;
			shellPath = /bin/sh;
			shellScript = "diff \"${PODS_PODFILE_DIR_PATH}/Podfile.lock\" \"${PODS_ROOT}/Manifest.lock\" > /dev/null\nif [ $? != 0 ] ; then\n    # print error to STDERR\n    echo \"error: The sandbox is not in sync with the Podfile.lock. Run 'pod install' or update your CocoaPods installation.\" >&2\n    exit 1\nfi\n# This output is used by Xcode 'outputs' to avoid re-running this script phase.\necho \"SUCCESS\" > \"${SCRIPT_OUTPUT_FILE_0}\"\n";
			showEnvVarsInLog = 0;
		};
/* End PBXShellScriptBuildPhase section */

/* Begin PBXSourcesBuildPhase section */
		DDE2ECFA2121584B003C7E40 /* Sources */ = {
			isa = PBXSourcesBuildPhase;
			buildActionMask = 2147483647;
			files = (
				DD9F5F4223C6941500140859 /* Assignment+CoreDataClass.swift in Sources */,
				DDE9C3602335B1DF00FDD83A /* NetworkController.swift in Sources */,
				DDA244602131EF30003D63CD /* BulletinViewController.swift in Sources */,
				DDF8416223CBBF09008F310C /* StudentHubTableViewController.swift in Sources */,
				DDA24452212D2F8A003D63CD /* Teacher.swift in Sources */,
				DDA6C3162143A3D900F421A0 /* AddAssignmentTableViewController.swift in Sources */,
				DDEA5B1B231234CF000501C4 /* ClubUpdateController.swift in Sources */,
				DDA24450212BD2EA003D63CD /* InfoSportsTableViewController.swift in Sources */,
				DD8B96D5216BE2E600B4CBC4 /* MyTeamTableViewController.swift in Sources */,
				DD9F5F3C23C6941500140859 /* Team+CoreDataClass.swift in Sources */,
				DDA9AA9A21BC83D60044E256 /* BlockTableViewCell.swift in Sources */,
				DD9F5F6023CAFF3F00140859 /* WorkModelController.swift in Sources */,
				DD9F5F6823CBB18300140859 /* AssignmentTableViewCell.swift in Sources */,
				DDA00D1821460C1300FD9B6F /* InfoAssignmentTableViewController.swift in Sources */,
				DD9F5F3B23C6941500140859 /* Work+CoreDataProperties.swift in Sources */,
				DDA2445A212FEB92003D63CD /* CourseTableViewController.swift in Sources */,
				DD9F5F4723C6941500140859 /* Work+CoreDataClass.swift in Sources */,
				DD9F5F5D23CACC5D00140859 /* DateController.swift in Sources */,
				DDE2ED0A2121584C003C7E40 /* BCSS.xcdatamodeld in Sources */,
				DDA2445C21307F0E003D63CD /* GradeCourses.swift in Sources */,
				DD62BE89217C274700D730CA /* CalendarViewController.swift in Sources */,
				DD62BE87217C1F7700D730CA /* CalendarCell.swift in Sources */,
				DDE2ED022121584B003C7E40 /* AppDelegate.swift in Sources */,
				DDA2445E2131E710003D63CD /* MenuViewController.swift in Sources */,
				DD8B96D3216B112E00B4CBC4 /* MyClubInfoTableViewController.swift in Sources */,
				DDEA109422C5EB7D0075093B /* OnboardingViewController.swift in Sources */,
				DD62BE7C2176444800D730CA /* MyServiceHoursTableViewController.swift in Sources */,
				DD8B96D7216BE35A00B4CBC4 /* MyTeamInfoTableViewController.swift in Sources */,
				DD62BE802177A26A00D730CA /* ServiceHoursInfoTableViewController.swift in Sources */,
				DD9F5F4E23CA5DD100140859 /* EventModelController.swift in Sources */,
				DD9F5F5923CA8B4D00140859 /* TeacherModelController.swift in Sources */,
				DDA2444E212A9959003D63CD /* SportsTableViewController.swift in Sources */,
				DD62BE7E217644FC00D730CA /* WorkHours.swift in Sources */,
				DD9F5F5123CA799900140859 /* NotificationController.swift in Sources */,
				DD9F5F5723CA88A500140859 /* SportModelController.swift in Sources */,
				DDC2AF4B2197ADE4008D100A /* EventsModuleViewController.swift in Sources */,
				DDA244482128BCDE003D63CD /* Clubs.swift in Sources */,
				DD9F5F3F23C6941500140859 /* Assignment+CoreDataProperties.swift in Sources */,
				DDC2AF472197AD3E008D100A /* ClubModuleViewController.swift in Sources */,
				DDA9AA9821B7C7D20044E256 /* Notifications.swift in Sources */,
				DD9F5F4523C6941500140859 /* Blocks+CoreDataProperties.swift in Sources */,
				DD9F5F5B23CABC2800140859 /* AssignmentModelController.swift in Sources */,
				DD9F5F5323CA845700140859 /* ScheduleModelController.swift in Sources */,
				DDF8416023CBBF09008F310C /* CentralUIViewController.swift in Sources */,
				DDA9AA9E21BC9FA40044E256 /* BlockTableViewController.swift in Sources */,
				DDA24456212E7FFA003D63CD /* TeacherContactTableViewController.swift in Sources */,
				DDF8416623CBCE4E008F310C /* Sports.swift in Sources */,
				DD9F5F3D23C6941500140859 /* Team+CoreDataProperties.swift in Sources */,
				DD62BE822177A27D00D730CA /* AddServiceHoursTableViewController.swift in Sources */,
				DD9F5F5523CA859D00140859 /* ClubModelController.swift in Sources */,
				DDF8416123CBBF09008F310C /* ProfileTableViewController.swift in Sources */,
				DD9F5F3E23C6941500140859 /* Schedule+CoreDataProperties.swift in Sources */,
				DD9F5F4423C6941500140859 /* PersistenceManager.swift in Sources */,
				DD9F5F4623C6941500140859 /* CoreClub+CoreDataProperties.swift in Sources */,
				DD9F5F4323C6941500140859 /* Schedule+CoreDataClass.swift in Sources */,
				DDC2AF6B21A00EFD008D100A /* AssignmentModuleTableViewCell.swift in Sources */,
				DDA9AAA621BCFEA00044E256 /* BlockInfoTableViewController.swift in Sources */,
				DDA244462128B702003D63CD /* ClubTableViewController.swift in Sources */,
				DDC0B4C7213F9FB50098C8B3 /* AssignmentTableViewController.swift in Sources */,
				DDF34111215B0D35007DA56A /* MyClubsTableViewController.swift in Sources */,
				DD66FC9B22D7B01F00BBC45B /* Event.swift in Sources */,
				DDC2AF492197AD54008D100A /* ScheduleModuleViewController.swift in Sources */,
				DDA2444A212921B2003D63CD /* InfoClubTableViewController.swift in Sources */,
				DDF7262F2211F8B500C8D861 /* EventTableViewController.swift in Sources */,
				DD9F5F4123C6941500140859 /* Blocks+CoreDataClass.swift in Sources */,
				DD9F5F4023C6941500140859 /* CoreClub+CoreDataClass.swift in Sources */,
				DDF8416323CBBF09008F310C /* SettingsTableViewController.swift in Sources */,
				DDD7569C23CBBA8A00750F8D /* StudentHubNavigationViewController.swift in Sources */,
				DDA2446821366637003D63CD /* Classes.swift in Sources */,
				DDC2AF452197AA3F008D100A /* AssignmentModuleViewController.swift in Sources */,
				DDC2AF432196ACC0008D100A /* MyFeedViewController.swift in Sources */,
				DDDBA1C92360E4C100EE9D01 /* FlexSignUpViewController.swift in Sources */,
				DDA24454212E6BF6003D63CD /* DepartmentTableViewController.swift in Sources */,
			);
			runOnlyForDeploymentPostprocessing = 0;
		};
		DDE2ED112121584E003C7E40 /* Sources */ = {
			isa = PBXSourcesBuildPhase;
			buildActionMask = 2147483647;
			files = (
				DDF8416723CBD257008F310C /* Sports.swift in Sources */,
				DDF8416923CBD72D008F310C /* SportModelController.swift in Sources */,
				DDE2ED1A2121584E003C7E40 /* BCSSTests.swift in Sources */,
			);
			runOnlyForDeploymentPostprocessing = 0;
		};
		DDE2ED1C2121584E003C7E40 /* Sources */ = {
			isa = PBXSourcesBuildPhase;
			buildActionMask = 2147483647;
			files = (
				DDF8416823CBD258008F310C /* Sports.swift in Sources */,
				DDF8416A23CBD72D008F310C /* SportModelController.swift in Sources */,
				DDE2ED252121584E003C7E40 /* BCSSUITests.swift in Sources */,
			);
			runOnlyForDeploymentPostprocessing = 0;
		};
/* End PBXSourcesBuildPhase section */

/* Begin PBXTargetDependency section */
		DDE2ED172121584E003C7E40 /* PBXTargetDependency */ = {
			isa = PBXTargetDependency;
			target = DDE2ECFD2121584B003C7E40 /* BCSS */;
			targetProxy = DDE2ED162121584E003C7E40 /* PBXContainerItemProxy */;
		};
		DDE2ED222121584E003C7E40 /* PBXTargetDependency */ = {
			isa = PBXTargetDependency;
			target = DDE2ECFD2121584B003C7E40 /* BCSS */;
			targetProxy = DDE2ED212121584E003C7E40 /* PBXContainerItemProxy */;
		};
/* End PBXTargetDependency section */

/* Begin PBXVariantGroup section */
		DDE2ED052121584C003C7E40 /* Main.storyboard */ = {
			isa = PBXVariantGroup;
			children = (
				DDE2ED062121584C003C7E40 /* Base */,
				DDA9AA9521B6632B0044E256 /* en */,
			);
			name = Main.storyboard;
			sourceTree = "<group>";
		};
		DDE2ED0D2121584E003C7E40 /* LaunchScreen.storyboard */ = {
			isa = PBXVariantGroup;
			children = (
				DDE2ED0E2121584E003C7E40 /* Base */,
			);
			name = LaunchScreen.storyboard;
			sourceTree = "<group>";
		};
/* End PBXVariantGroup section */

/* Begin XCBuildConfiguration section */
		DDE2ED272121584E003C7E40 /* Debug */ = {
			isa = XCBuildConfiguration;
			buildSettings = {
				ALWAYS_SEARCH_USER_PATHS = NO;
				CLANG_ANALYZER_NONNULL = YES;
				CLANG_ANALYZER_NUMBER_OBJECT_CONVERSION = YES_AGGRESSIVE;
				CLANG_CXX_LANGUAGE_STANDARD = "gnu++14";
				CLANG_CXX_LIBRARY = "libc++";
				CLANG_ENABLE_MODULES = YES;
				CLANG_ENABLE_OBJC_ARC = YES;
				CLANG_ENABLE_OBJC_WEAK = YES;
				CLANG_WARN_BLOCK_CAPTURE_AUTORELEASING = YES;
				CLANG_WARN_BOOL_CONVERSION = YES;
				CLANG_WARN_COMMA = YES;
				CLANG_WARN_CONSTANT_CONVERSION = YES;
				CLANG_WARN_DEPRECATED_OBJC_IMPLEMENTATIONS = YES;
				CLANG_WARN_DIRECT_OBJC_ISA_USAGE = YES_ERROR;
				CLANG_WARN_DOCUMENTATION_COMMENTS = YES;
				CLANG_WARN_EMPTY_BODY = YES;
				CLANG_WARN_ENUM_CONVERSION = YES;
				CLANG_WARN_INFINITE_RECURSION = YES;
				CLANG_WARN_INT_CONVERSION = YES;
				CLANG_WARN_NON_LITERAL_NULL_CONVERSION = YES;
				CLANG_WARN_OBJC_IMPLICIT_RETAIN_SELF = YES;
				CLANG_WARN_OBJC_LITERAL_CONVERSION = YES;
				CLANG_WARN_OBJC_ROOT_CLASS = YES_ERROR;
				CLANG_WARN_RANGE_LOOP_ANALYSIS = YES;
				CLANG_WARN_STRICT_PROTOTYPES = YES;
				CLANG_WARN_SUSPICIOUS_MOVE = YES;
				CLANG_WARN_UNGUARDED_AVAILABILITY = YES_AGGRESSIVE;
				CLANG_WARN_UNREACHABLE_CODE = YES;
				CLANG_WARN__DUPLICATE_METHOD_MATCH = YES;
				CODE_SIGN_IDENTITY = "iPhone Developer";
				COPY_PHASE_STRIP = NO;
				DEBUG_INFORMATION_FORMAT = dwarf;
				ENABLE_STRICT_OBJC_MSGSEND = YES;
				ENABLE_TESTABILITY = YES;
				GCC_C_LANGUAGE_STANDARD = gnu11;
				GCC_DYNAMIC_NO_PIC = NO;
				GCC_NO_COMMON_BLOCKS = YES;
				GCC_OPTIMIZATION_LEVEL = 0;
				GCC_PREPROCESSOR_DEFINITIONS = (
					"DEBUG=1",
					"$(inherited)",
				);
				GCC_WARN_64_TO_32_BIT_CONVERSION = YES;
				GCC_WARN_ABOUT_RETURN_TYPE = YES_ERROR;
				GCC_WARN_UNDECLARED_SELECTOR = YES;
				GCC_WARN_UNINITIALIZED_AUTOS = YES_AGGRESSIVE;
				GCC_WARN_UNUSED_FUNCTION = YES;
				GCC_WARN_UNUSED_VARIABLE = YES;
				IPHONEOS_DEPLOYMENT_TARGET = 11.0;
				MTL_ENABLE_DEBUG_INFO = YES;
				ONLY_ACTIVE_ARCH = YES;
				SDKROOT = iphoneos;
				SWIFT_ACTIVE_COMPILATION_CONDITIONS = DEBUG;
				SWIFT_OPTIMIZATION_LEVEL = "-Onone";
			};
			name = Debug;
		};
		DDE2ED282121584E003C7E40 /* Release */ = {
			isa = XCBuildConfiguration;
			buildSettings = {
				ALWAYS_SEARCH_USER_PATHS = NO;
				CLANG_ANALYZER_NONNULL = YES;
				CLANG_ANALYZER_NUMBER_OBJECT_CONVERSION = YES_AGGRESSIVE;
				CLANG_CXX_LANGUAGE_STANDARD = "gnu++14";
				CLANG_CXX_LIBRARY = "libc++";
				CLANG_ENABLE_MODULES = YES;
				CLANG_ENABLE_OBJC_ARC = YES;
				CLANG_ENABLE_OBJC_WEAK = YES;
				CLANG_WARN_BLOCK_CAPTURE_AUTORELEASING = YES;
				CLANG_WARN_BOOL_CONVERSION = YES;
				CLANG_WARN_COMMA = YES;
				CLANG_WARN_CONSTANT_CONVERSION = YES;
				CLANG_WARN_DEPRECATED_OBJC_IMPLEMENTATIONS = YES;
				CLANG_WARN_DIRECT_OBJC_ISA_USAGE = YES_ERROR;
				CLANG_WARN_DOCUMENTATION_COMMENTS = YES;
				CLANG_WARN_EMPTY_BODY = YES;
				CLANG_WARN_ENUM_CONVERSION = YES;
				CLANG_WARN_INFINITE_RECURSION = YES;
				CLANG_WARN_INT_CONVERSION = YES;
				CLANG_WARN_NON_LITERAL_NULL_CONVERSION = YES;
				CLANG_WARN_OBJC_IMPLICIT_RETAIN_SELF = YES;
				CLANG_WARN_OBJC_LITERAL_CONVERSION = YES;
				CLANG_WARN_OBJC_ROOT_CLASS = YES_ERROR;
				CLANG_WARN_RANGE_LOOP_ANALYSIS = YES;
				CLANG_WARN_STRICT_PROTOTYPES = YES;
				CLANG_WARN_SUSPICIOUS_MOVE = YES;
				CLANG_WARN_UNGUARDED_AVAILABILITY = YES_AGGRESSIVE;
				CLANG_WARN_UNREACHABLE_CODE = YES;
				CLANG_WARN__DUPLICATE_METHOD_MATCH = YES;
				CODE_SIGN_IDENTITY = "iPhone Developer";
				COPY_PHASE_STRIP = NO;
				DEBUG_INFORMATION_FORMAT = "dwarf-with-dsym";
				ENABLE_NS_ASSERTIONS = NO;
				ENABLE_STRICT_OBJC_MSGSEND = YES;
				ENABLE_TESTABILITY = NO;
				GCC_C_LANGUAGE_STANDARD = gnu11;
				GCC_NO_COMMON_BLOCKS = YES;
				GCC_WARN_64_TO_32_BIT_CONVERSION = YES;
				GCC_WARN_ABOUT_RETURN_TYPE = YES_ERROR;
				GCC_WARN_UNDECLARED_SELECTOR = YES;
				GCC_WARN_UNINITIALIZED_AUTOS = YES_AGGRESSIVE;
				GCC_WARN_UNUSED_FUNCTION = YES;
				GCC_WARN_UNUSED_VARIABLE = YES;
				IPHONEOS_DEPLOYMENT_TARGET = 11.0;
				MTL_ENABLE_DEBUG_INFO = NO;
				ONLY_ACTIVE_ARCH = YES;
				SDKROOT = iphoneos;
				SWIFT_COMPILATION_MODE = wholemodule;
				SWIFT_OPTIMIZATION_LEVEL = "-O";
				VALIDATE_PRODUCT = YES;
			};
			name = Release;
		};
		DDE2ED2A2121584E003C7E40 /* Debug */ = {
			isa = XCBuildConfiguration;
			baseConfigurationReference = 8A387D19D537C3EC0E57FD1A /* Pods-BCSS.debug.xcconfig */;
			buildSettings = {
				ASSETCATALOG_COMPILER_APPICON_NAME = AppIcon;
				CODE_SIGN_IDENTITY = "iPhone Developer";
				CODE_SIGN_STYLE = Automatic;
				CURRENT_PROJECT_VERSION = 1.4;
				DEVELOPMENT_TEAM = GFMAPRX493;
				INFOPLIST_FILE = BCSS/Info.plist;
				IPHONEOS_DEPLOYMENT_TARGET = 11.0;
				LD_RUNPATH_SEARCH_PATHS = (
					"$(inherited)",
					"@executable_path/Frameworks",
				);
				MARKETING_VERSION = 1.4;
				PRODUCT_BUNDLE_IDENTIFIER = Treeline.BCSS;
				PRODUCT_NAME = "$(TARGET_NAME)";
				PROVISIONING_PROFILE_SPECIFIER = "";
				SWIFT_VERSION = 5.0;
				TARGETED_DEVICE_FAMILY = 1;
			};
			name = Debug;
		};
		DDE2ED2B2121584E003C7E40 /* Release */ = {
			isa = XCBuildConfiguration;
			baseConfigurationReference = 58AA4F86930642C8ACC28928 /* Pods-BCSS.release.xcconfig */;
			buildSettings = {
				ASSETCATALOG_COMPILER_APPICON_NAME = AppIcon;
				CODE_SIGN_IDENTITY = "iPhone Developer";
				CODE_SIGN_STYLE = Automatic;
				CURRENT_PROJECT_VERSION = 1.4;
				DEVELOPMENT_TEAM = GFMAPRX493;
				INFOPLIST_FILE = BCSS/Info.plist;
				IPHONEOS_DEPLOYMENT_TARGET = 11.0;
				LD_RUNPATH_SEARCH_PATHS = (
					"$(inherited)",
					"@executable_path/Frameworks",
				);
				MARKETING_VERSION = 1.4;
				PRODUCT_BUNDLE_IDENTIFIER = Treeline.BCSS;
				PRODUCT_NAME = "$(TARGET_NAME)";
				PROVISIONING_PROFILE_SPECIFIER = "";
				SWIFT_VERSION = 5.0;
				TARGETED_DEVICE_FAMILY = 1;
			};
			name = Release;
		};
		DDE2ED2D2121584E003C7E40 /* Debug */ = {
			isa = XCBuildConfiguration;
			baseConfigurationReference = 6E25FCA552396AE1D45FF2A4 /* Pods-BCSSTests.debug.xcconfig */;
			buildSettings = {
				ALWAYS_EMBED_SWIFT_STANDARD_LIBRARIES = YES;
				BUNDLE_LOADER = "$(TEST_HOST)";
				CODE_SIGN_STYLE = Automatic;
				DEVELOPMENT_TEAM = GFMAPRX493;
				INFOPLIST_FILE = BCSSTests/Info.plist;
				LD_RUNPATH_SEARCH_PATHS = (
					"$(inherited)",
					"@executable_path/Frameworks",
					"@loader_path/Frameworks",
				);
				PRODUCT_BUNDLE_IDENTIFIER = RickyMao.BCSSTests;
				PRODUCT_NAME = "$(TARGET_NAME)";
				SWIFT_VERSION = 5.0;
				TARGETED_DEVICE_FAMILY = "1,2";
				TEST_HOST = "$(BUILT_PRODUCTS_DIR)/BCSS.app/BCSS";
			};
			name = Debug;
		};
		DDE2ED2E2121584E003C7E40 /* Release */ = {
			isa = XCBuildConfiguration;
			baseConfigurationReference = 19ED6267EF76AD3ACA45631E /* Pods-BCSSTests.release.xcconfig */;
			buildSettings = {
				ALWAYS_EMBED_SWIFT_STANDARD_LIBRARIES = YES;
				BUNDLE_LOADER = "$(TEST_HOST)";
				CODE_SIGN_STYLE = Automatic;
				DEVELOPMENT_TEAM = GFMAPRX493;
				INFOPLIST_FILE = BCSSTests/Info.plist;
				LD_RUNPATH_SEARCH_PATHS = (
					"$(inherited)",
					"@executable_path/Frameworks",
					"@loader_path/Frameworks",
				);
				PRODUCT_BUNDLE_IDENTIFIER = RickyMao.BCSSTests;
				PRODUCT_NAME = "$(TARGET_NAME)";
				SWIFT_VERSION = 5.0;
				TARGETED_DEVICE_FAMILY = "1,2";
				TEST_HOST = "$(BUILT_PRODUCTS_DIR)/BCSS.app/BCSS";
			};
			name = Release;
		};
		DDE2ED302121584E003C7E40 /* Debug */ = {
			isa = XCBuildConfiguration;
			baseConfigurationReference = 77C1EF1C0C22F562F824C41F /* Pods-BCSSUITests.debug.xcconfig */;
			buildSettings = {
				ALWAYS_EMBED_SWIFT_STANDARD_LIBRARIES = YES;
				CODE_SIGN_STYLE = Automatic;
				DEVELOPMENT_TEAM = GFMAPRX493;
				INFOPLIST_FILE = BCSSUITests/Info.plist;
				LD_RUNPATH_SEARCH_PATHS = (
					"$(inherited)",
					"@executable_path/Frameworks",
					"@loader_path/Frameworks",
				);
				PRODUCT_BUNDLE_IDENTIFIER = RickyMao.BCSSUITests;
				PRODUCT_NAME = "$(TARGET_NAME)";
				SWIFT_VERSION = 5.0;
				TARGETED_DEVICE_FAMILY = "1,2";
				TEST_TARGET_NAME = BCSS;
			};
			name = Debug;
		};
		DDE2ED312121584E003C7E40 /* Release */ = {
			isa = XCBuildConfiguration;
			baseConfigurationReference = E0DB0BCE113CFC26F91C4003 /* Pods-BCSSUITests.release.xcconfig */;
			buildSettings = {
				ALWAYS_EMBED_SWIFT_STANDARD_LIBRARIES = YES;
				CODE_SIGN_STYLE = Automatic;
				DEVELOPMENT_TEAM = GFMAPRX493;
				INFOPLIST_FILE = BCSSUITests/Info.plist;
				LD_RUNPATH_SEARCH_PATHS = (
					"$(inherited)",
					"@executable_path/Frameworks",
					"@loader_path/Frameworks",
				);
				PRODUCT_BUNDLE_IDENTIFIER = RickyMao.BCSSUITests;
				PRODUCT_NAME = "$(TARGET_NAME)";
				SWIFT_VERSION = 5.0;
				TARGETED_DEVICE_FAMILY = "1,2";
				TEST_TARGET_NAME = BCSS;
			};
			name = Release;
		};
/* End XCBuildConfiguration section */

/* Begin XCConfigurationList section */
		DDE2ECF92121584B003C7E40 /* Build configuration list for PBXProject "BCSS" */ = {
			isa = XCConfigurationList;
			buildConfigurations = (
				DDE2ED272121584E003C7E40 /* Debug */,
				DDE2ED282121584E003C7E40 /* Release */,
			);
			defaultConfigurationIsVisible = 0;
			defaultConfigurationName = Debug;
		};
		DDE2ED292121584E003C7E40 /* Build configuration list for PBXNativeTarget "BCSS" */ = {
			isa = XCConfigurationList;
			buildConfigurations = (
				DDE2ED2A2121584E003C7E40 /* Debug */,
				DDE2ED2B2121584E003C7E40 /* Release */,
			);
			defaultConfigurationIsVisible = 0;
			defaultConfigurationName = Debug;
		};
		DDE2ED2C2121584E003C7E40 /* Build configuration list for PBXNativeTarget "BCSSTests" */ = {
			isa = XCConfigurationList;
			buildConfigurations = (
				DDE2ED2D2121584E003C7E40 /* Debug */,
				DDE2ED2E2121584E003C7E40 /* Release */,
			);
			defaultConfigurationIsVisible = 0;
			defaultConfigurationName = Debug;
		};
		DDE2ED2F2121584E003C7E40 /* Build configuration list for PBXNativeTarget "BCSSUITests" */ = {
			isa = XCConfigurationList;
			buildConfigurations = (
				DDE2ED302121584E003C7E40 /* Debug */,
				DDE2ED312121584E003C7E40 /* Release */,
			);
			defaultConfigurationIsVisible = 0;
			defaultConfigurationName = Debug;
		};
/* End XCConfigurationList section */

/* Begin XCVersionGroup section */
		DDE2ED082121584C003C7E40 /* BCSS.xcdatamodeld */ = {
			isa = XCVersionGroup;
			children = (
				DDE2ED092121584C003C7E40 /* BCSS.xcdatamodel */,
			);
			currentVersion = DDE2ED092121584C003C7E40 /* BCSS.xcdatamodel */;
			path = BCSS.xcdatamodeld;
			sourceTree = "<group>";
			versionGroupType = wrapper.xcdatamodel;
		};
/* End XCVersionGroup section */
	};
	rootObject = DDE2ECF62121584B003C7E40 /* Project object */;
}
